
Microsoft Visual Studio Solution File, Format Version 12.00
# Visual Studio Version 16
VisualStudioVersion = 16.0.29911.84
MinimumVisualStudioVersion = 10.0.40219.1
Project("{8BC9CEB8-8B4A-11D0-8D11-00A0C91BC942}") = "addmoddel", "samples\addmoddel.vcxproj", "{879F70B2-936F-3FF2-A118-14A28E5707B7}"
	ProjectSection(ProjectDependencies) = postProject
		{D1483131-BF1B-37C3-B1C8-A6FB8235195B} = {D1483131-BF1B-37C3-B1C8-A6FB8235195B}
		{8F05B0E7-6D03-3F78-A470-0E20BF6C6191} = {8F05B0E7-6D03-3F78-A470-0E20BF6C6191}
	EndProjectSection
EndProject
Project("{8BC9CEB8-8B4A-11D0-8D11-00A0C91BC942}") = "conntest", "samples\conntest.vcxproj", "{E0B80865-C593-3FC0-A62E-AF42163CDD4B}"
	ProjectSection(ProjectDependencies) = postProject
		{D1483131-BF1B-37C3-B1C8-A6FB8235195B} = {D1483131-BF1B-37C3-B1C8-A6FB8235195B}
		{8F05B0E7-6D03-3F78-A470-0E20BF6C6191} = {8F05B0E7-6D03-3F78-A470-0E20BF6C6191}
	EndProjectSection
EndProject
Project("{8BC9CEB8-8B4A-11D0-8D11-00A0C91BC942}") = "convert-test", "samples\convert-test.vcxproj", "{535B189D-144C-38DD-B15B-4CA4F0EAAD03}"
	ProjectSection(ProjectDependencies) = postProject
		{D1483131-BF1B-37C3-B1C8-A6FB8235195B} = {D1483131-BF1B-37C3-B1C8-A6FB8235195B}
		{8F05B0E7-6D03-3F78-A470-0E20BF6C6191} = {8F05B0E7-6D03-3F78-A470-0E20BF6C6191}
	EndProjectSection
EndProject
Project("{8BC9CEB8-8B4A-11D0-8D11-00A0C91BC942}") = "easyaccess-test", "samples\easyaccess-test.vcxproj", "{940CB11E-9663-3CF8-94C9-F6EA8AD62D2E}"
	ProjectSection(ProjectDependencies) = postProject
		{D1483131-BF1B-37C3-B1C8-A6FB8235195B} = {D1483131-BF1B-37C3-B1C8-A6FB8235195B}
		{8F05B0E7-6D03-3F78-A470-0E20BF6C6191} = {8F05B0E7-6D03-3F78-A470-0E20BF6C6191}
	EndProjectSection
EndProject
Project("{8BC9CEB8-8B4A-11D0-8D11-00A0C91BC942}") = "exifcomment", "samples\exifcomment.vcxproj", "{E7346D1B-60D5-39D7-9FC9-D35D7923147F}"
	ProjectSection(ProjectDependencies) = postProject
		{D1483131-BF1B-37C3-B1C8-A6FB8235195B} = {D1483131-BF1B-37C3-B1C8-A6FB8235195B}
		{8F05B0E7-6D03-3F78-A470-0E20BF6C6191} = {8F05B0E7-6D03-3F78-A470-0E20BF6C6191}
	EndProjectSection
EndProject
Project("{8BC9CEB8-8B4A-11D0-8D11-00A0C91BC942}") = "exifdata", "samples\exifdata.vcxproj", "{E1260800-6CCC-3F07-899B-D2E1EAAD8927}"
	ProjectSection(ProjectDependencies) = postProject
		{D1483131-BF1B-37C3-B1C8-A6FB8235195B} = {D1483131-BF1B-37C3-B1C8-A6FB8235195B}
		{8F05B0E7-6D03-3F78-A470-0E20BF6C6191} = {8F05B0E7-6D03-3F78-A470-0E20BF6C6191}
	EndProjectSection
EndProject
Project("{8BC9CEB8-8B4A-11D0-8D11-00A0C91BC942}") = "exifdata-test", "samples\exifdata-test.vcxproj", "{5D67FF72-A2EB-33C5-AE93-43D4ABBE52B7}"
	ProjectSection(ProjectDependencies) = postProject
		{D1483131-BF1B-37C3-B1C8-A6FB8235195B} = {D1483131-BF1B-37C3-B1C8-A6FB8235195B}
		{8F05B0E7-6D03-3F78-A470-0E20BF6C6191} = {8F05B0E7-6D03-3F78-A470-0E20BF6C6191}
	EndProjectSection
EndProject
Project("{8BC9CEB8-8B4A-11D0-8D11-00A0C91BC942}") = "exifprint", "samples\exifprint.vcxproj", "{B3FC6EEF-2B38-3997-B3E2-5D7AB0182098}"
	ProjectSection(ProjectDependencies) = postProject
		{D1483131-BF1B-37C3-B1C8-A6FB8235195B} = {D1483131-BF1B-37C3-B1C8-A6FB8235195B}
		{8F05B0E7-6D03-3F78-A470-0E20BF6C6191} = {8F05B0E7-6D03-3F78-A470-0E20BF6C6191}
	EndProjectSection
EndProject
Project("{8BC9CEB8-8B4A-11D0-8D11-00A0C91BC942}") = "exifvalue", "samples\exifvalue.vcxproj", "{6282C08A-83EE-3DC2-81C2-EB3EE252AFB1}"
	ProjectSection(ProjectDependencies) = postProject
		{D1483131-BF1B-37C3-B1C8-A6FB8235195B} = {D1483131-BF1B-37C3-B1C8-A6FB8235195B}
		{8F05B0E7-6D03-3F78-A470-0E20BF6C6191} = {8F05B0E7-6D03-3F78-A470-0E20BF6C6191}
	EndProjectSection
EndProject
Project("{8BC9CEB8-8B4A-11D0-8D11-00A0C91BC942}") = "exiv2", "src\exiv2.vcxproj", "{6E0C6252-E108-3D48-AE50-A3DA5E64A7C4}"
	ProjectSection(ProjectDependencies) = postProject
		{D1483131-BF1B-37C3-B1C8-A6FB8235195B} = {D1483131-BF1B-37C3-B1C8-A6FB8235195B}
		{8F05B0E7-6D03-3F78-A470-0E20BF6C6191} = {8F05B0E7-6D03-3F78-A470-0E20BF6C6191}
	EndProjectSection
EndProject
Project("{8BC9CEB8-8B4A-11D0-8D11-00A0C91BC942}") = "exiv2-xmp", "xmpsdk\exiv2-xmp.vcxproj", "{D1483131-BF1B-37C3-B1C8-A6FB8235195B}"
EndProject
Project("{8BC9CEB8-8B4A-11D0-8D11-00A0C91BC942}") = "exiv2json", "samples\exiv2json.vcxproj", "{F3C1AD12-ABBE-328A-970D-62C247E979FF}"
	ProjectSection(ProjectDependencies) = postProject
		{D1483131-BF1B-37C3-B1C8-A6FB8235195B} = {D1483131-BF1B-37C3-B1C8-A6FB8235195B}
		{8F05B0E7-6D03-3F78-A470-0E20BF6C6191} = {8F05B0E7-6D03-3F78-A470-0E20BF6C6191}
	EndProjectSection
EndProject
Project("{8BC9CEB8-8B4A-11D0-8D11-00A0C91BC942}") = "exiv2lib", "src\exiv2lib.vcxproj", "{8F05B0E7-6D03-3F78-A470-0E20BF6C6191}"
	ProjectSection(ProjectDependencies) = postProject
		{D1483131-BF1B-37C3-B1C8-A6FB8235195B} = {D1483131-BF1B-37C3-B1C8-A6FB8235195B}
		{15D4CBE5-4F35-3280-9747-7C4C0FABE386} = {15D4CBE5-4F35-3280-9747-7C4C0FABE386}
	EndProjectSection
EndProject
Project("{8BC9CEB8-8B4A-11D0-8D11-00A0C91BC942}") = "exiv2lib_int", "src\exiv2lib_int.vcxproj", "{15D4CBE5-4F35-3280-9747-7C4C0FABE386}"
EndProject
Project("{8BC9CEB8-8B4A-11D0-8D11-00A0C91BC942}") = "geotag", "samples\geotag.vcxproj", "{F4C697B6-702F-3408-9178-188DEC0884AB}"
	ProjectSection(ProjectDependencies) = postProject
		{D1483131-BF1B-37C3-B1C8-A6FB8235195B} = {D1483131-BF1B-37C3-B1C8-A6FB8235195B}
		{8F05B0E7-6D03-3F78-A470-0E20BF6C6191} = {8F05B0E7-6D03-3F78-A470-0E20BF6C6191}
	EndProjectSection
EndProject
Project("{8BC9CEB8-8B4A-11D0-8D11-00A0C91BC942}") = "getopt-test", "samples\getopt-test.vcxproj", "{D337DDA4-BADC-35DE-A882-39885F8615E6}"
	ProjectSection(ProjectDependencies) = postProject
		{D1483131-BF1B-37C3-B1C8-A6FB8235195B} = {D1483131-BF1B-37C3-B1C8-A6FB8235195B}
		{8F05B0E7-6D03-3F78-A470-0E20BF6C6191} = {8F05B0E7-6D03-3F78-A470-0E20BF6C6191}
	EndProjectSection
EndProject
Project("{8BC9CEB8-8B4A-11D0-8D11-00A0C91BC942}") = "ini-test", "samples\ini-test.vcxproj", "{65D257CE-93CB-3369-A40A-A22229C5E367}"
	ProjectSection(ProjectDependencies) = postProject
		{D1483131-BF1B-37C3-B1C8-A6FB8235195B} = {D1483131-BF1B-37C3-B1C8-A6FB8235195B}
		{8F05B0E7-6D03-3F78-A470-0E20BF6C6191} = {8F05B0E7-6D03-3F78-A470-0E20BF6C6191}
	EndProjectSection
EndProject
Project("{8BC9CEB8-8B4A-11D0-8D11-00A0C91BC942}") = "iotest", "samples\iotest.vcxproj", "{77C404F1-CFEC-30BA-99E0-24264E9261AE}"
	ProjectSection(ProjectDependencies) = postProject
		{D1483131-BF1B-37C3-B1C8-A6FB8235195B} = {D1483131-BF1B-37C3-B1C8-A6FB8235195B}
		{8F05B0E7-6D03-3F78-A470-0E20BF6C6191} = {8F05B0E7-6D03-3F78-A470-0E20BF6C6191}
	EndProjectSection
EndProject
Project("{8BC9CEB8-8B4A-11D0-8D11-00A0C91BC942}") = "iptceasy", "samples\iptceasy.vcxproj", "{FBE5A090-4086-38AE-8D97-2B1779FF48F7}"
	ProjectSection(ProjectDependencies) = postProject
		{D1483131-BF1B-37C3-B1C8-A6FB8235195B} = {D1483131-BF1B-37C3-B1C8-A6FB8235195B}
		{8F05B0E7-6D03-3F78-A470-0E20BF6C6191} = {8F05B0E7-6D03-3F78-A470-0E20BF6C6191}
	EndProjectSection
EndProject
Project("{8BC9CEB8-8B4A-11D0-8D11-00A0C91BC942}") = "iptcprint", "samples\iptcprint.vcxproj", "{D331BC33-7715-38A4-9428-D7E204C7AFBF}"
	ProjectSection(ProjectDependencies) = postProject
		{D1483131-BF1B-37C3-B1C8-A6FB8235195B} = {D1483131-BF1B-37C3-B1C8-A6FB8235195B}
		{8F05B0E7-6D03-3F78-A470-0E20BF6C6191} = {8F05B0E7-6D03-3F78-A470-0E20BF6C6191}
	EndProjectSection
EndProject
Project("{8BC9CEB8-8B4A-11D0-8D11-00A0C91BC942}") = "iptctest", "samples\iptctest.vcxproj", "{5586D775-7B11-3BC0-AB47-671B30C31DD4}"
	ProjectSection(ProjectDependencies) = postProject
		{D1483131-BF1B-37C3-B1C8-A6FB8235195B} = {D1483131-BF1B-37C3-B1C8-A6FB8235195B}
		{8F05B0E7-6D03-3F78-A470-0E20BF6C6191} = {8F05B0E7-6D03-3F78-A470-0E20BF6C6191}
	EndProjectSection
EndProject
Project("{8BC9CEB8-8B4A-11D0-8D11-00A0C91BC942}") = "key-test", "samples\key-test.vcxproj", "{F6563BE4-7688-3D1B-9C8D-A675C5DCDB97}"
	ProjectSection(ProjectDependencies) = postProject
		{D1483131-BF1B-37C3-B1C8-A6FB8235195B} = {D1483131-BF1B-37C3-B1C8-A6FB8235195B}
		{8F05B0E7-6D03-3F78-A470-0E20BF6C6191} = {8F05B0E7-6D03-3F78-A470-0E20BF6C6191}
	EndProjectSection
EndProject
Project("{8BC9CEB8-8B4A-11D0-8D11-00A0C91BC942}") = "largeiptc-test", "samples\largeiptc-test.vcxproj", "{501BDB70-3A5A-36CD-933E-DDAC45004074}"
	ProjectSection(ProjectDependencies) = postProject
		{D1483131-BF1B-37C3-B1C8-A6FB8235195B} = {D1483131-BF1B-37C3-B1C8-A6FB8235195B}
		{8F05B0E7-6D03-3F78-A470-0E20BF6C6191} = {8F05B0E7-6D03-3F78-A470-0E20BF6C6191}
	EndProjectSection
EndProject
Project("{8BC9CEB8-8B4A-11D0-8D11-00A0C91BC942}") = "metacopy", "samples\metacopy.vcxproj", "{CAE2496D-67B0-3BB2-97D8-A744FC158DDC}"
	ProjectSection(ProjectDependencies) = postProject
		{D1483131-BF1B-37C3-B1C8-A6FB8235195B} = {D1483131-BF1B-37C3-B1C8-A6FB8235195B}
		{8F05B0E7-6D03-3F78-A470-0E20BF6C6191} = {8F05B0E7-6D03-3F78-A470-0E20BF6C6191}
	EndProjectSection
EndProject
Project("{8BC9CEB8-8B4A-11D0-8D11-00A0C91BC942}") = "mmap-test", "samples\mmap-test.vcxproj", "{0C4956EE-443F-3946-ADE3-A3CA05104634}"
	ProjectSection(ProjectDependencies) = postProject
		{D1483131-BF1B-37C3-B1C8-A6FB8235195B} = {D1483131-BF1B-37C3-B1C8-A6FB8235195B}
		{8F05B0E7-6D03-3F78-A470-0E20BF6C6191} = {8F05B0E7-6D03-3F78-A470-0E20BF6C6191}
	EndProjectSection
EndProject
Project("{8BC9CEB8-8B4A-11D0-8D11-00A0C91BC942}") = "mrwthumb", "samples\mrwthumb.vcxproj", "{F5882A01-8E6A-3517-8314-98871ABEA30C}"
	ProjectSection(ProjectDependencies) = postProject
		{D1483131-BF1B-37C3-B1C8-A6FB8235195B} = {D1483131-BF1B-37C3-B1C8-A6FB8235195B}
		{8F05B0E7-6D03-3F78-A470-0E20BF6C6191} = {8F05B0E7-6D03-3F78-A470-0E20BF6C6191}
	EndProjectSection
EndProject
Project("{8BC9CEB8-8B4A-11D0-8D11-00A0C91BC942}") = "pathtest", "samples\pathtest.vcxproj", "{173A76DB-E655-395E-B46F-D37655C4E519}"
	ProjectSection(ProjectDependencies) = postProject
		{D1483131-BF1B-37C3-B1C8-A6FB8235195B} = {D1483131-BF1B-37C3-B1C8-A6FB8235195B}
		{8F05B0E7-6D03-3F78-A470-0E20BF6C6191} = {8F05B0E7-6D03-3F78-A470-0E20BF6C6191}
	EndProjectSection
EndProject
Project("{8BC9CEB8-8B4A-11D0-8D11-00A0C91BC942}") = "prevtest", "samples\prevtest.vcxproj", "{5C45C1B7-B78F-3DAD-945E-7D73BF082D36}"
	ProjectSection(ProjectDependencies) = postProject
		{D1483131-BF1B-37C3-B1C8-A6FB8235195B} = {D1483131-BF1B-37C3-B1C8-A6FB8235195B}
		{8F05B0E7-6D03-3F78-A470-0E20BF6C6191} = {8F05B0E7-6D03-3F78-A470-0E20BF6C6191}
	EndProjectSection
EndProject
Project("{8BC9CEB8-8B4A-11D0-8D11-00A0C91BC942}") = "remotetest", "samples\remotetest.vcxproj", "{185F0432-B7B5-37EC-B5AE-CEEDB34E89F3}"
	ProjectSection(ProjectDependencies) = postProject
		{D1483131-BF1B-37C3-B1C8-A6FB8235195B} = {D1483131-BF1B-37C3-B1C8-A6FB8235195B}
		{8F05B0E7-6D03-3F78-A470-0E20BF6C6191} = {8F05B0E7-6D03-3F78-A470-0E20BF6C6191}
	EndProjectSection
EndProject
Project("{8BC9CEB8-8B4A-11D0-8D11-00A0C91BC942}") = "stringto-test", "samples\stringto-test.vcxproj", "{E889F85A-B74E-3769-B092-3D21492D3252}"
	ProjectSection(ProjectDependencies) = postProject
		{D1483131-BF1B-37C3-B1C8-A6FB8235195B} = {D1483131-BF1B-37C3-B1C8-A6FB8235195B}
		{8F05B0E7-6D03-3F78-A470-0E20BF6C6191} = {8F05B0E7-6D03-3F78-A470-0E20BF6C6191}
	EndProjectSection
EndProject
Project("{8BC9CEB8-8B4A-11D0-8D11-00A0C91BC942}") = "taglist", "samples\taglist.vcxproj", "{D32B8E6A-D60A-34D1-AA46-6472FC3C1D18}"
	ProjectSection(ProjectDependencies) = postProject
		{D1483131-BF1B-37C3-B1C8-A6FB8235195B} = {D1483131-BF1B-37C3-B1C8-A6FB8235195B}
		{8F05B0E7-6D03-3F78-A470-0E20BF6C6191} = {8F05B0E7-6D03-3F78-A470-0E20BF6C6191}
	EndProjectSection
EndProject
Project("{8BC9CEB8-8B4A-11D0-8D11-00A0C91BC942}") = "tiff-test", "samples\tiff-test.vcxproj", "{C246E465-75B0-33DA-B16E-B5B756D9417A}"
	ProjectSection(ProjectDependencies) = postProject
		{D1483131-BF1B-37C3-B1C8-A6FB8235195B} = {D1483131-BF1B-37C3-B1C8-A6FB8235195B}
		{8F05B0E7-6D03-3F78-A470-0E20BF6C6191} = {8F05B0E7-6D03-3F78-A470-0E20BF6C6191}
	EndProjectSection
EndProject
Project("{8BC9CEB8-8B4A-11D0-8D11-00A0C91BC942}") = "unit_tests", "unitTests\unit_tests.vcxproj", "{0C0707B2-8DCA-3C21-BD30-A4B4EF43B667}"
	ProjectSection(ProjectDependencies) = postProject
		{D1483131-BF1B-37C3-B1C8-A6FB8235195B} = {D1483131-BF1B-37C3-B1C8-A6FB8235195B}
	EndProjectSection
EndProject
Project("{8BC9CEB8-8B4A-11D0-8D11-00A0C91BC942}") = "werror-test", "samples\werror-test.vcxproj", "{77DF5599-695C-3767-B1E2-0EF71D914E6F}"
	ProjectSection(ProjectDependencies) = postProject
		{D1483131-BF1B-37C3-B1C8-A6FB8235195B} = {D1483131-BF1B-37C3-B1C8-A6FB8235195B}
		{8F05B0E7-6D03-3F78-A470-0E20BF6C6191} = {8F05B0E7-6D03-3F78-A470-0E20BF6C6191}
	EndProjectSection
EndProject
Project("{8BC9CEB8-8B4A-11D0-8D11-00A0C91BC942}") = "write-test", "samples\write-test.vcxproj", "{1189226D-1673-32D1-BDD9-03029D0D6E67}"
	ProjectSection(ProjectDependencies) = postProject
		{D1483131-BF1B-37C3-B1C8-A6FB8235195B} = {D1483131-BF1B-37C3-B1C8-A6FB8235195B}
		{8F05B0E7-6D03-3F78-A470-0E20BF6C6191} = {8F05B0E7-6D03-3F78-A470-0E20BF6C6191}
	EndProjectSection
EndProject
Project("{8BC9CEB8-8B4A-11D0-8D11-00A0C91BC942}") = "write2-test", "samples\write2-test.vcxproj", "{759412CA-C0A1-3294-971F-D8A278960F0A}"
	ProjectSection(ProjectDependencies) = postProject
		{D1483131-BF1B-37C3-B1C8-A6FB8235195B} = {D1483131-BF1B-37C3-B1C8-A6FB8235195B}
		{8F05B0E7-6D03-3F78-A470-0E20BF6C6191} = {8F05B0E7-6D03-3F78-A470-0E20BF6C6191}
	EndProjectSection
EndProject
Project("{8BC9CEB8-8B4A-11D0-8D11-00A0C91BC942}") = "xmpdump", "samples\xmpdump.vcxproj", "{F463A88E-9034-347F-A8B9-957B938CB0DF}"
	ProjectSection(ProjectDependencies) = postProject
		{D1483131-BF1B-37C3-B1C8-A6FB8235195B} = {D1483131-BF1B-37C3-B1C8-A6FB8235195B}
		{8F05B0E7-6D03-3F78-A470-0E20BF6C6191} = {8F05B0E7-6D03-3F78-A470-0E20BF6C6191}
	EndProjectSection
EndProject
Project("{8BC9CEB8-8B4A-11D0-8D11-00A0C91BC942}") = "xmpparse", "samples\xmpparse.vcxproj", "{CB179509-BCEB-3629-AE22-7E72FB7FC436}"
	ProjectSection(ProjectDependencies) = postProject
		{D1483131-BF1B-37C3-B1C8-A6FB8235195B} = {D1483131-BF1B-37C3-B1C8-A6FB8235195B}
		{8F05B0E7-6D03-3F78-A470-0E20BF6C6191} = {8F05B0E7-6D03-3F78-A470-0E20BF6C6191}
	EndProjectSection
EndProject
Project("{8BC9CEB8-8B4A-11D0-8D11-00A0C91BC942}") = "xmpparser-test", "samples\xmpparser-test.vcxproj", "{F261E568-BEA2-30A7-813C-7C4653A82BDF}"
	ProjectSection(ProjectDependencies) = postProject
		{D1483131-BF1B-37C3-B1C8-A6FB8235195B} = {D1483131-BF1B-37C3-B1C8-A6FB8235195B}
		{8F05B0E7-6D03-3F78-A470-0E20BF6C6191} = {8F05B0E7-6D03-3F78-A470-0E20BF6C6191}
	EndProjectSection
EndProject
Project("{8BC9CEB8-8B4A-11D0-8D11-00A0C91BC942}") = "xmpprint", "samples\xmpprint.vcxproj", "{15FB8FAB-3AEE-345B-B37F-9C87B2E497F0}"
	ProjectSection(ProjectDependencies) = postProject
		{D1483131-BF1B-37C3-B1C8-A6FB8235195B} = {D1483131-BF1B-37C3-B1C8-A6FB8235195B}
		{8F05B0E7-6D03-3F78-A470-0E20BF6C6191} = {8F05B0E7-6D03-3F78-A470-0E20BF6C6191}
	EndProjectSection
EndProject
Project("{8BC9CEB8-8B4A-11D0-8D11-00A0C91BC942}") = "xmpsample", "samples\xmpsample.vcxproj", "{D4183F76-C1DE-37FE-8926-955F8CF7D5A7}"
	ProjectSection(ProjectDependencies) = postProject
		{D1483131-BF1B-37C3-B1C8-A6FB8235195B} = {D1483131-BF1B-37C3-B1C8-A6FB8235195B}
		{8F05B0E7-6D03-3F78-A470-0E20BF6C6191} = {8F05B0E7-6D03-3F78-A470-0E20BF6C6191}
	EndProjectSection
EndProject
Project("{2150E333-8FDC-42A3-9474-1A3956D46DE8}") = "samples", "samples", "{58734831-B214-4513-BF4C-9D606C91E868}"
EndProject
Project("{2150E333-8FDC-42A3-9474-1A3956D46DE8}") = "External Dependencies", "External Dependencies", "{4B90B8DD-9956-4545-BD02-651E72E952DB}"
EndProject
Project("{2150E333-8FDC-42A3-9474-1A3956D46DE8}") = "zlib", "zlib", "{C1530683-7B22-4711-A28D-EB85D6EB4341}"
EndProject
Project("{8BC9CEB8-8B4A-11D0-8D11-00A0C91BC942}") = "zlibstat", "..\..\..\..\zlib\contrib\vstudio\vc14\zlibstat.vcxproj", "{745DEC58-EBB3-47A9-A9B8-4C6627C01BF8}"
EndProject
Project("{2150E333-8FDC-42A3-9474-1A3956D46DE8}") = "libexpat", "libexpat", "{ED774129-9AF5-4BD4-9EE5-45DA2A3E0D22}"
EndProject
Project("{8BC9CEB8-8B4A-11D0-8D11-00A0C91BC942}") = "expat_static", "..\..\..\..\libexpat\expat\lib\expat_static.vcxproj", "{58A821BC-E4AF-4DF4-9A54-2BAA22B92615}"
EndProject
Project("{2150E333-8FDC-42A3-9474-1A3956D46DE8}") = "googletest", "googletest", "{F663E319-59FD-4078-9523-C12E27C3D861}"
EndProject
Project("{8BC9CEB8-8B4A-11D0-8D11-00A0C91BC942}") = "gtest", "..\..\..\..\googletest\build\googletest\gtest.vcxproj", "{95E9B845-09D7-3453-AEEB-2E1005096E32}"
EndProject
Project("{8BC9CEB8-8B4A-11D0-8D11-00A0C91BC942}") = "gtest_main", "..\..\..\..\googletest\build\googletest\gtest_main.vcxproj", "{DB773438-551F-38FA-8D50-D0261199236B}"
EndProject
Project("{2150E333-8FDC-42A3-9474-1A3956D46DE8}") = "openssl", "openssl", "{CB91FB25-735F-47E6-B03F-07E399A71DF0}"
EndProject
Project("{8BC9CEB8-8B4A-11D0-8D11-00A0C91BC942}") = "_prebuild", "..\..\..\..\openssl\build\_prebuild\_prebuild.vcxproj", "{625D49F1-BC00-4C36-AE25-2F408B208B08}"
	ProjectSection(ProjectDependencies) = postProject
		{745DEC58-EBB3-47A9-A9B8-4C6627C01BF8} = {745DEC58-EBB3-47A9-A9B8-4C6627C01BF8}
	EndProjectSection
EndProject
Project("{8BC9CEB8-8B4A-11D0-8D11-00A0C91BC942}") = "libcrypto-1_1", "..\..\..\..\openssl\build\libcrypto-1_1\libcrypto-1_1.vcxproj", "{C92E1E46-3C94-4DD6-8E7D-E23ECED32A8C}"
	ProjectSection(ProjectDependencies) = postProject
		{625D49F1-BC00-4C36-AE25-2F408B208B08} = {625D49F1-BC00-4C36-AE25-2F408B208B08}
	EndProjectSection
EndProject
Project("{8BC9CEB8-8B4A-11D0-8D11-00A0C91BC942}") = "libssl-1_1", "..\..\..\..\openssl\build\libssl-1_1\libssl-1_1.vcxproj", "{1E068827-5CD6-4648-98DD-B0417F0B9DDC}"
	ProjectSection(ProjectDependencies) = postProject
		{625D49F1-BC00-4C36-AE25-2F408B208B08} = {625D49F1-BC00-4C36-AE25-2F408B208B08}
	EndProjectSection
EndProject
Project("{2150E333-8FDC-42A3-9474-1A3956D46DE8}") = "libiconv", "libiconv", "{2B87527C-BFD7-4052-AACA-56D6FAE909F2}"
EndProject
Project("{8BC9CEB8-8B4A-11D0-8D11-00A0C91BC942}") = "libiconv", "..\..\..\..\libiconv\libiconv.vcxproj", "{1704EA01-6B21-4362-9F1F-44D25CF2E0D7}"
EndProject
Project("{2150E333-8FDC-42A3-9474-1A3956D46DE8}") = "libssh", "libssh", "{A7FEA0DE-61D3-4581-BA4F-C8AC0696B253}"
EndProject
Project("{8BC9CEB8-8B4A-11D0-8D11-00A0C91BC942}") = "ssh", "..\..\..\..\libssh\build\src\ssh.vcxproj", "{0AA428D8-E6A8-3A36-9045-621F4DDE3043}"
EndProject
Project("{2150E333-8FDC-42A3-9474-1A3956D46DE8}") = "libssh2", "libssh2", "{7B332138-E8B9-4ED5-AB7C-F1F882756BD5}"
EndProject
Project("{8BC9CEB8-8B4A-11D0-8D11-00A0C91BC942}") = "libssh2", "..\..\..\..\libssh2\build\src\libssh2.vcxproj", "{127DC9DE-814F-312C-8F30-4FE281393B38}"
	ProjectSection(ProjectDependencies) = postProject
		{1E068827-5CD6-4648-98DD-B0417F0B9DDC} = {1E068827-5CD6-4648-98DD-B0417F0B9DDC}
		{C92E1E46-3C94-4DD6-8E7D-E23ECED32A8C} = {C92E1E46-3C94-4DD6-8E7D-E23ECED32A8C}
		{745DEC58-EBB3-47A9-A9B8-4C6627C01BF8} = {745DEC58-EBB3-47A9-A9B8-4C6627C01BF8}
	EndProjectSection
EndProject
Project("{2150E333-8FDC-42A3-9474-1A3956D46DE8}") = "curl", "curl", "{968769AE-15C0-4515-8DF2-8AD839A91A7F}"
EndProject
Project("{8BC9CEB8-8B4A-11D0-8D11-00A0C91BC942}") = "libcurl", "..\..\..\..\curl\projects\Windows\VC15\lib\libcurl.vcxproj", "{DA6F56B4-06A4-441D-AD70-AC5A7D51FADB}"
	ProjectSection(ProjectDependencies) = postProject
		{1E068827-5CD6-4648-98DD-B0417F0B9DDC} = {1E068827-5CD6-4648-98DD-B0417F0B9DDC}
		{C92E1E46-3C94-4DD6-8E7D-E23ECED32A8C} = {C92E1E46-3C94-4DD6-8E7D-E23ECED32A8C}
		{745DEC58-EBB3-47A9-A9B8-4C6627C01BF8} = {745DEC58-EBB3-47A9-A9B8-4C6627C01BF8}
		{127DC9DE-814F-312C-8F30-4FE281393B38} = {127DC9DE-814F-312C-8F30-4FE281393B38}
	EndProjectSection
EndProject
Project("{2150E333-8FDC-42A3-9474-1A3956D46DE8}") = "libintl", "libintl", "{26B736E5-4188-428A-B802-0F6089EC3F86}"
EndProject
Project("{8BC9CEB8-8B4A-11D0-8D11-00A0C91BC942}") = "libintl_static", "..\..\..\..\gettext\build\gettext\libintl_static.vcxproj", "{B8B3B620-FC06-47D0-9D92-BD5CBA448D84}"
EndProject
Global
	GlobalSection(SolutionConfigurationPlatforms) = preSolution
		Debug|Win32 = Debug|Win32
		Debug|x64 = Debug|x64
		Release|Win32 = Release|Win32
		Release|x64 = Release|x64
		ReleaseWithoutAsm|Win32 = ReleaseWithoutAsm|Win32
		ReleaseWithoutAsm|x64 = ReleaseWithoutAsm|x64
		Template|Win32 = Template|Win32
		Template|x64 = Template|x64
	EndGlobalSection
	GlobalSection(ProjectConfigurationPlatforms) = postSolution
		{879F70B2-936F-3FF2-A118-14A28E5707B7}.Debug|Win32.ActiveCfg = Debug|Win32
		{879F70B2-936F-3FF2-A118-14A28E5707B7}.Debug|Win32.Build.0 = Debug|Win32
		{879F70B2-936F-3FF2-A118-14A28E5707B7}.Debug|x64.ActiveCfg = Debug|x64
		{879F70B2-936F-3FF2-A118-14A28E5707B7}.Debug|x64.Build.0 = Debug|x64
		{879F70B2-936F-3FF2-A118-14A28E5707B7}.Release|Win32.ActiveCfg = Release|Win32
		{879F70B2-936F-3FF2-A118-14A28E5707B7}.Release|Win32.Build.0 = Release|Win32
		{879F70B2-936F-3FF2-A118-14A28E5707B7}.Release|x64.ActiveCfg = Release|x64
		{879F70B2-936F-3FF2-A118-14A28E5707B7}.Release|x64.Build.0 = Release|x64
		{879F70B2-936F-3FF2-A118-14A28E5707B7}.ReleaseWithoutAsm|Win32.ActiveCfg = Release|Win32
		{879F70B2-936F-3FF2-A118-14A28E5707B7}.ReleaseWithoutAsm|Win32.Build.0 = Release|Win32
		{879F70B2-936F-3FF2-A118-14A28E5707B7}.ReleaseWithoutAsm|x64.ActiveCfg = Release|x64
		{879F70B2-936F-3FF2-A118-14A28E5707B7}.ReleaseWithoutAsm|x64.Build.0 = Release|x64
		{879F70B2-936F-3FF2-A118-14A28E5707B7}.Template|Win32.ActiveCfg = Release|Win32
		{879F70B2-936F-3FF2-A118-14A28E5707B7}.Template|Win32.Build.0 = Release|Win32
		{879F70B2-936F-3FF2-A118-14A28E5707B7}.Template|x64.ActiveCfg = Release|x64
		{879F70B2-936F-3FF2-A118-14A28E5707B7}.Template|x64.Build.0 = Release|x64
		{E0B80865-C593-3FC0-A62E-AF42163CDD4B}.Debug|Win32.ActiveCfg = Debug|Win32
		{E0B80865-C593-3FC0-A62E-AF42163CDD4B}.Debug|Win32.Build.0 = Debug|Win32
		{E0B80865-C593-3FC0-A62E-AF42163CDD4B}.Debug|x64.ActiveCfg = Debug|x64
		{E0B80865-C593-3FC0-A62E-AF42163CDD4B}.Debug|x64.Build.0 = Debug|x64
		{E0B80865-C593-3FC0-A62E-AF42163CDD4B}.Release|Win32.ActiveCfg = Release|Win32
		{E0B80865-C593-3FC0-A62E-AF42163CDD4B}.Release|Win32.Build.0 = Release|Win32
		{E0B80865-C593-3FC0-A62E-AF42163CDD4B}.Release|x64.ActiveCfg = Release|x64
		{E0B80865-C593-3FC0-A62E-AF42163CDD4B}.Release|x64.Build.0 = Release|x64
		{E0B80865-C593-3FC0-A62E-AF42163CDD4B}.ReleaseWithoutAsm|Win32.ActiveCfg = Release|Win32
		{E0B80865-C593-3FC0-A62E-AF42163CDD4B}.ReleaseWithoutAsm|Win32.Build.0 = Release|Win32
		{E0B80865-C593-3FC0-A62E-AF42163CDD4B}.ReleaseWithoutAsm|x64.ActiveCfg = Release|x64
		{E0B80865-C593-3FC0-A62E-AF42163CDD4B}.ReleaseWithoutAsm|x64.Build.0 = Release|x64
		{E0B80865-C593-3FC0-A62E-AF42163CDD4B}.Template|Win32.ActiveCfg = Release|Win32
		{E0B80865-C593-3FC0-A62E-AF42163CDD4B}.Template|Win32.Build.0 = Release|Win32
		{E0B80865-C593-3FC0-A62E-AF42163CDD4B}.Template|x64.ActiveCfg = Release|x64
		{E0B80865-C593-3FC0-A62E-AF42163CDD4B}.Template|x64.Build.0 = Release|x64
		{535B189D-144C-38DD-B15B-4CA4F0EAAD03}.Debug|Win32.ActiveCfg = Debug|Win32
		{535B189D-144C-38DD-B15B-4CA4F0EAAD03}.Debug|Win32.Build.0 = Debug|Win32
		{535B189D-144C-38DD-B15B-4CA4F0EAAD03}.Debug|x64.ActiveCfg = Debug|x64
		{535B189D-144C-38DD-B15B-4CA4F0EAAD03}.Debug|x64.Build.0 = Debug|x64
		{535B189D-144C-38DD-B15B-4CA4F0EAAD03}.Release|Win32.ActiveCfg = Release|Win32
		{535B189D-144C-38DD-B15B-4CA4F0EAAD03}.Release|Win32.Build.0 = Release|Win32
		{535B189D-144C-38DD-B15B-4CA4F0EAAD03}.Release|x64.ActiveCfg = Release|x64
		{535B189D-144C-38DD-B15B-4CA4F0EAAD03}.Release|x64.Build.0 = Release|x64
		{535B189D-144C-38DD-B15B-4CA4F0EAAD03}.ReleaseWithoutAsm|Win32.ActiveCfg = Release|Win32
		{535B189D-144C-38DD-B15B-4CA4F0EAAD03}.ReleaseWithoutAsm|Win32.Build.0 = Release|Win32
		{535B189D-144C-38DD-B15B-4CA4F0EAAD03}.ReleaseWithoutAsm|x64.ActiveCfg = Release|x64
		{535B189D-144C-38DD-B15B-4CA4F0EAAD03}.ReleaseWithoutAsm|x64.Build.0 = Release|x64
		{535B189D-144C-38DD-B15B-4CA4F0EAAD03}.Template|Win32.ActiveCfg = Release|Win32
		{535B189D-144C-38DD-B15B-4CA4F0EAAD03}.Template|Win32.Build.0 = Release|Win32
		{535B189D-144C-38DD-B15B-4CA4F0EAAD03}.Template|x64.ActiveCfg = Release|x64
		{535B189D-144C-38DD-B15B-4CA4F0EAAD03}.Template|x64.Build.0 = Release|x64
		{940CB11E-9663-3CF8-94C9-F6EA8AD62D2E}.Debug|Win32.ActiveCfg = Debug|Win32
		{940CB11E-9663-3CF8-94C9-F6EA8AD62D2E}.Debug|Win32.Build.0 = Debug|Win32
		{940CB11E-9663-3CF8-94C9-F6EA8AD62D2E}.Debug|x64.ActiveCfg = Debug|x64
		{940CB11E-9663-3CF8-94C9-F6EA8AD62D2E}.Debug|x64.Build.0 = Debug|x64
		{940CB11E-9663-3CF8-94C9-F6EA8AD62D2E}.Release|Win32.ActiveCfg = Release|Win32
		{940CB11E-9663-3CF8-94C9-F6EA8AD62D2E}.Release|Win32.Build.0 = Release|Win32
		{940CB11E-9663-3CF8-94C9-F6EA8AD62D2E}.Release|x64.ActiveCfg = Release|x64
		{940CB11E-9663-3CF8-94C9-F6EA8AD62D2E}.Release|x64.Build.0 = Release|x64
		{940CB11E-9663-3CF8-94C9-F6EA8AD62D2E}.ReleaseWithoutAsm|Win32.ActiveCfg = Release|Win32
		{940CB11E-9663-3CF8-94C9-F6EA8AD62D2E}.ReleaseWithoutAsm|Win32.Build.0 = Release|Win32
		{940CB11E-9663-3CF8-94C9-F6EA8AD62D2E}.ReleaseWithoutAsm|x64.ActiveCfg = Release|x64
		{940CB11E-9663-3CF8-94C9-F6EA8AD62D2E}.ReleaseWithoutAsm|x64.Build.0 = Release|x64
		{940CB11E-9663-3CF8-94C9-F6EA8AD62D2E}.Template|Win32.ActiveCfg = Release|Win32
		{940CB11E-9663-3CF8-94C9-F6EA8AD62D2E}.Template|Win32.Build.0 = Release|Win32
		{940CB11E-9663-3CF8-94C9-F6EA8AD62D2E}.Template|x64.ActiveCfg = Release|x64
		{940CB11E-9663-3CF8-94C9-F6EA8AD62D2E}.Template|x64.Build.0 = Release|x64
		{E7346D1B-60D5-39D7-9FC9-D35D7923147F}.Debug|Win32.ActiveCfg = Debug|Win32
		{E7346D1B-60D5-39D7-9FC9-D35D7923147F}.Debug|Win32.Build.0 = Debug|Win32
		{E7346D1B-60D5-39D7-9FC9-D35D7923147F}.Debug|x64.ActiveCfg = Debug|x64
		{E7346D1B-60D5-39D7-9FC9-D35D7923147F}.Debug|x64.Build.0 = Debug|x64
		{E7346D1B-60D5-39D7-9FC9-D35D7923147F}.Release|Win32.ActiveCfg = Release|Win32
		{E7346D1B-60D5-39D7-9FC9-D35D7923147F}.Release|Win32.Build.0 = Release|Win32
		{E7346D1B-60D5-39D7-9FC9-D35D7923147F}.Release|x64.ActiveCfg = Release|x64
		{E7346D1B-60D5-39D7-9FC9-D35D7923147F}.Release|x64.Build.0 = Release|x64
		{E7346D1B-60D5-39D7-9FC9-D35D7923147F}.ReleaseWithoutAsm|Win32.ActiveCfg = Release|Win32
		{E7346D1B-60D5-39D7-9FC9-D35D7923147F}.ReleaseWithoutAsm|Win32.Build.0 = Release|Win32
		{E7346D1B-60D5-39D7-9FC9-D35D7923147F}.ReleaseWithoutAsm|x64.ActiveCfg = Release|x64
		{E7346D1B-60D5-39D7-9FC9-D35D7923147F}.ReleaseWithoutAsm|x64.Build.0 = Release|x64
		{E7346D1B-60D5-39D7-9FC9-D35D7923147F}.Template|Win32.ActiveCfg = Release|Win32
		{E7346D1B-60D5-39D7-9FC9-D35D7923147F}.Template|Win32.Build.0 = Release|Win32
		{E7346D1B-60D5-39D7-9FC9-D35D7923147F}.Template|x64.ActiveCfg = Release|x64
		{E7346D1B-60D5-39D7-9FC9-D35D7923147F}.Template|x64.Build.0 = Release|x64
		{E1260800-6CCC-3F07-899B-D2E1EAAD8927}.Debug|Win32.ActiveCfg = Debug|Win32
		{E1260800-6CCC-3F07-899B-D2E1EAAD8927}.Debug|Win32.Build.0 = Debug|Win32
		{E1260800-6CCC-3F07-899B-D2E1EAAD8927}.Debug|x64.ActiveCfg = Debug|x64
		{E1260800-6CCC-3F07-899B-D2E1EAAD8927}.Debug|x64.Build.0 = Debug|x64
		{E1260800-6CCC-3F07-899B-D2E1EAAD8927}.Release|Win32.ActiveCfg = Release|Win32
		{E1260800-6CCC-3F07-899B-D2E1EAAD8927}.Release|Win32.Build.0 = Release|Win32
		{E1260800-6CCC-3F07-899B-D2E1EAAD8927}.Release|x64.ActiveCfg = Release|x64
		{E1260800-6CCC-3F07-899B-D2E1EAAD8927}.Release|x64.Build.0 = Release|x64
		{E1260800-6CCC-3F07-899B-D2E1EAAD8927}.ReleaseWithoutAsm|Win32.ActiveCfg = Release|Win32
		{E1260800-6CCC-3F07-899B-D2E1EAAD8927}.ReleaseWithoutAsm|Win32.Build.0 = Release|Win32
		{E1260800-6CCC-3F07-899B-D2E1EAAD8927}.ReleaseWithoutAsm|x64.ActiveCfg = Release|x64
		{E1260800-6CCC-3F07-899B-D2E1EAAD8927}.ReleaseWithoutAsm|x64.Build.0 = Release|x64
		{E1260800-6CCC-3F07-899B-D2E1EAAD8927}.Template|Win32.ActiveCfg = Release|Win32
		{E1260800-6CCC-3F07-899B-D2E1EAAD8927}.Template|Win32.Build.0 = Release|Win32
		{E1260800-6CCC-3F07-899B-D2E1EAAD8927}.Template|x64.ActiveCfg = Release|x64
		{E1260800-6CCC-3F07-899B-D2E1EAAD8927}.Template|x64.Build.0 = Release|x64
		{5D67FF72-A2EB-33C5-AE93-43D4ABBE52B7}.Debug|Win32.ActiveCfg = Debug|Win32
		{5D67FF72-A2EB-33C5-AE93-43D4ABBE52B7}.Debug|Win32.Build.0 = Debug|Win32
		{5D67FF72-A2EB-33C5-AE93-43D4ABBE52B7}.Debug|x64.ActiveCfg = Debug|x64
		{5D67FF72-A2EB-33C5-AE93-43D4ABBE52B7}.Debug|x64.Build.0 = Debug|x64
		{5D67FF72-A2EB-33C5-AE93-43D4ABBE52B7}.Release|Win32.ActiveCfg = Release|Win32
		{5D67FF72-A2EB-33C5-AE93-43D4ABBE52B7}.Release|Win32.Build.0 = Release|Win32
		{5D67FF72-A2EB-33C5-AE93-43D4ABBE52B7}.Release|x64.ActiveCfg = Release|x64
		{5D67FF72-A2EB-33C5-AE93-43D4ABBE52B7}.Release|x64.Build.0 = Release|x64
		{5D67FF72-A2EB-33C5-AE93-43D4ABBE52B7}.ReleaseWithoutAsm|Win32.ActiveCfg = Release|Win32
		{5D67FF72-A2EB-33C5-AE93-43D4ABBE52B7}.ReleaseWithoutAsm|Win32.Build.0 = Release|Win32
		{5D67FF72-A2EB-33C5-AE93-43D4ABBE52B7}.ReleaseWithoutAsm|x64.ActiveCfg = Release|x64
		{5D67FF72-A2EB-33C5-AE93-43D4ABBE52B7}.ReleaseWithoutAsm|x64.Build.0 = Release|x64
		{5D67FF72-A2EB-33C5-AE93-43D4ABBE52B7}.Template|Win32.ActiveCfg = Release|Win32
		{5D67FF72-A2EB-33C5-AE93-43D4ABBE52B7}.Template|Win32.Build.0 = Release|Win32
		{5D67FF72-A2EB-33C5-AE93-43D4ABBE52B7}.Template|x64.ActiveCfg = Release|x64
		{5D67FF72-A2EB-33C5-AE93-43D4ABBE52B7}.Template|x64.Build.0 = Release|x64
		{B3FC6EEF-2B38-3997-B3E2-5D7AB0182098}.Debug|Win32.ActiveCfg = Debug|Win32
		{B3FC6EEF-2B38-3997-B3E2-5D7AB0182098}.Debug|Win32.Build.0 = Debug|Win32
		{B3FC6EEF-2B38-3997-B3E2-5D7AB0182098}.Debug|x64.ActiveCfg = Debug|x64
		{B3FC6EEF-2B38-3997-B3E2-5D7AB0182098}.Debug|x64.Build.0 = Debug|x64
		{B3FC6EEF-2B38-3997-B3E2-5D7AB0182098}.Release|Win32.ActiveCfg = Release|Win32
		{B3FC6EEF-2B38-3997-B3E2-5D7AB0182098}.Release|Win32.Build.0 = Release|Win32
		{B3FC6EEF-2B38-3997-B3E2-5D7AB0182098}.Release|x64.ActiveCfg = Release|x64
		{B3FC6EEF-2B38-3997-B3E2-5D7AB0182098}.Release|x64.Build.0 = Release|x64
		{B3FC6EEF-2B38-3997-B3E2-5D7AB0182098}.ReleaseWithoutAsm|Win32.ActiveCfg = Release|Win32
		{B3FC6EEF-2B38-3997-B3E2-5D7AB0182098}.ReleaseWithoutAsm|Win32.Build.0 = Release|Win32
		{B3FC6EEF-2B38-3997-B3E2-5D7AB0182098}.ReleaseWithoutAsm|x64.ActiveCfg = Release|x64
		{B3FC6EEF-2B38-3997-B3E2-5D7AB0182098}.ReleaseWithoutAsm|x64.Build.0 = Release|x64
		{B3FC6EEF-2B38-3997-B3E2-5D7AB0182098}.Template|Win32.ActiveCfg = Release|Win32
		{B3FC6EEF-2B38-3997-B3E2-5D7AB0182098}.Template|Win32.Build.0 = Release|Win32
		{B3FC6EEF-2B38-3997-B3E2-5D7AB0182098}.Template|x64.ActiveCfg = Release|x64
		{B3FC6EEF-2B38-3997-B3E2-5D7AB0182098}.Template|x64.Build.0 = Release|x64
		{6282C08A-83EE-3DC2-81C2-EB3EE252AFB1}.Debug|Win32.ActiveCfg = Debug|Win32
		{6282C08A-83EE-3DC2-81C2-EB3EE252AFB1}.Debug|Win32.Build.0 = Debug|Win32
		{6282C08A-83EE-3DC2-81C2-EB3EE252AFB1}.Debug|x64.ActiveCfg = Debug|x64
		{6282C08A-83EE-3DC2-81C2-EB3EE252AFB1}.Debug|x64.Build.0 = Debug|x64
		{6282C08A-83EE-3DC2-81C2-EB3EE252AFB1}.Release|Win32.ActiveCfg = Release|Win32
		{6282C08A-83EE-3DC2-81C2-EB3EE252AFB1}.Release|Win32.Build.0 = Release|Win32
		{6282C08A-83EE-3DC2-81C2-EB3EE252AFB1}.Release|x64.ActiveCfg = Release|x64
		{6282C08A-83EE-3DC2-81C2-EB3EE252AFB1}.Release|x64.Build.0 = Release|x64
		{6282C08A-83EE-3DC2-81C2-EB3EE252AFB1}.ReleaseWithoutAsm|Win32.ActiveCfg = Release|Win32
		{6282C08A-83EE-3DC2-81C2-EB3EE252AFB1}.ReleaseWithoutAsm|Win32.Build.0 = Release|Win32
		{6282C08A-83EE-3DC2-81C2-EB3EE252AFB1}.ReleaseWithoutAsm|x64.ActiveCfg = Release|x64
		{6282C08A-83EE-3DC2-81C2-EB3EE252AFB1}.ReleaseWithoutAsm|x64.Build.0 = Release|x64
		{6282C08A-83EE-3DC2-81C2-EB3EE252AFB1}.Template|Win32.ActiveCfg = Release|Win32
		{6282C08A-83EE-3DC2-81C2-EB3EE252AFB1}.Template|Win32.Build.0 = Release|Win32
		{6282C08A-83EE-3DC2-81C2-EB3EE252AFB1}.Template|x64.ActiveCfg = Release|x64
		{6282C08A-83EE-3DC2-81C2-EB3EE252AFB1}.Template|x64.Build.0 = Release|x64
		{6E0C6252-E108-3D48-AE50-A3DA5E64A7C4}.Debug|Win32.ActiveCfg = Debug|Win32
		{6E0C6252-E108-3D48-AE50-A3DA5E64A7C4}.Debug|Win32.Build.0 = Debug|Win32
		{6E0C6252-E108-3D48-AE50-A3DA5E64A7C4}.Debug|x64.ActiveCfg = Debug|x64
		{6E0C6252-E108-3D48-AE50-A3DA5E64A7C4}.Debug|x64.Build.0 = Debug|x64
		{6E0C6252-E108-3D48-AE50-A3DA5E64A7C4}.Release|Win32.ActiveCfg = Release|Win32
		{6E0C6252-E108-3D48-AE50-A3DA5E64A7C4}.Release|Win32.Build.0 = Release|Win32
		{6E0C6252-E108-3D48-AE50-A3DA5E64A7C4}.Release|x64.ActiveCfg = Release|x64
		{6E0C6252-E108-3D48-AE50-A3DA5E64A7C4}.Release|x64.Build.0 = Release|x64
		{6E0C6252-E108-3D48-AE50-A3DA5E64A7C4}.ReleaseWithoutAsm|Win32.ActiveCfg = Release|Win32
		{6E0C6252-E108-3D48-AE50-A3DA5E64A7C4}.ReleaseWithoutAsm|Win32.Build.0 = Release|Win32
		{6E0C6252-E108-3D48-AE50-A3DA5E64A7C4}.ReleaseWithoutAsm|x64.ActiveCfg = Release|x64
		{6E0C6252-E108-3D48-AE50-A3DA5E64A7C4}.ReleaseWithoutAsm|x64.Build.0 = Release|x64
		{6E0C6252-E108-3D48-AE50-A3DA5E64A7C4}.Template|Win32.ActiveCfg = Release|Win32
		{6E0C6252-E108-3D48-AE50-A3DA5E64A7C4}.Template|Win32.Build.0 = Release|Win32
		{6E0C6252-E108-3D48-AE50-A3DA5E64A7C4}.Template|x64.ActiveCfg = Release|x64
		{6E0C6252-E108-3D48-AE50-A3DA5E64A7C4}.Template|x64.Build.0 = Release|x64
		{D1483131-BF1B-37C3-B1C8-A6FB8235195B}.Debug|Win32.ActiveCfg = Debug|Win32
		{D1483131-BF1B-37C3-B1C8-A6FB8235195B}.Debug|Win32.Build.0 = Debug|Win32
		{D1483131-BF1B-37C3-B1C8-A6FB8235195B}.Debug|x64.ActiveCfg = Debug|x64
		{D1483131-BF1B-37C3-B1C8-A6FB8235195B}.Debug|x64.Build.0 = Debug|x64
		{D1483131-BF1B-37C3-B1C8-A6FB8235195B}.Release|Win32.ActiveCfg = Release|Win32
		{D1483131-BF1B-37C3-B1C8-A6FB8235195B}.Release|Win32.Build.0 = Release|Win32
		{D1483131-BF1B-37C3-B1C8-A6FB8235195B}.Release|x64.ActiveCfg = Release|x64
		{D1483131-BF1B-37C3-B1C8-A6FB8235195B}.Release|x64.Build.0 = Release|x64
		{D1483131-BF1B-37C3-B1C8-A6FB8235195B}.ReleaseWithoutAsm|Win32.ActiveCfg = Release|Win32
		{D1483131-BF1B-37C3-B1C8-A6FB8235195B}.ReleaseWithoutAsm|Win32.Build.0 = Release|Win32
		{D1483131-BF1B-37C3-B1C8-A6FB8235195B}.ReleaseWithoutAsm|x64.ActiveCfg = Release|x64
		{D1483131-BF1B-37C3-B1C8-A6FB8235195B}.ReleaseWithoutAsm|x64.Build.0 = Release|x64
		{D1483131-BF1B-37C3-B1C8-A6FB8235195B}.Template|Win32.ActiveCfg = Release|Win32
		{D1483131-BF1B-37C3-B1C8-A6FB8235195B}.Template|Win32.Build.0 = Release|Win32
		{D1483131-BF1B-37C3-B1C8-A6FB8235195B}.Template|x64.ActiveCfg = Release|x64
		{D1483131-BF1B-37C3-B1C8-A6FB8235195B}.Template|x64.Build.0 = Release|x64
		{F3C1AD12-ABBE-328A-970D-62C247E979FF}.Debug|Win32.ActiveCfg = Debug|Win32
		{F3C1AD12-ABBE-328A-970D-62C247E979FF}.Debug|Win32.Build.0 = Debug|Win32
		{F3C1AD12-ABBE-328A-970D-62C247E979FF}.Debug|x64.ActiveCfg = Debug|x64
		{F3C1AD12-ABBE-328A-970D-62C247E979FF}.Debug|x64.Build.0 = Debug|x64
		{F3C1AD12-ABBE-328A-970D-62C247E979FF}.Release|Win32.ActiveCfg = Release|Win32
		{F3C1AD12-ABBE-328A-970D-62C247E979FF}.Release|Win32.Build.0 = Release|Win32
		{F3C1AD12-ABBE-328A-970D-62C247E979FF}.Release|x64.ActiveCfg = Release|x64
		{F3C1AD12-ABBE-328A-970D-62C247E979FF}.Release|x64.Build.0 = Release|x64
		{F3C1AD12-ABBE-328A-970D-62C247E979FF}.ReleaseWithoutAsm|Win32.ActiveCfg = Release|Win32
		{F3C1AD12-ABBE-328A-970D-62C247E979FF}.ReleaseWithoutAsm|Win32.Build.0 = Release|Win32
		{F3C1AD12-ABBE-328A-970D-62C247E979FF}.ReleaseWithoutAsm|x64.ActiveCfg = Release|x64
		{F3C1AD12-ABBE-328A-970D-62C247E979FF}.ReleaseWithoutAsm|x64.Build.0 = Release|x64
		{F3C1AD12-ABBE-328A-970D-62C247E979FF}.Template|Win32.ActiveCfg = Release|Win32
		{F3C1AD12-ABBE-328A-970D-62C247E979FF}.Template|Win32.Build.0 = Release|Win32
		{F3C1AD12-ABBE-328A-970D-62C247E979FF}.Template|x64.ActiveCfg = Release|x64
		{F3C1AD12-ABBE-328A-970D-62C247E979FF}.Template|x64.Build.0 = Release|x64
		{8F05B0E7-6D03-3F78-A470-0E20BF6C6191}.Debug|Win32.ActiveCfg = Debug|Win32
		{8F05B0E7-6D03-3F78-A470-0E20BF6C6191}.Debug|Win32.Build.0 = Debug|Win32
		{8F05B0E7-6D03-3F78-A470-0E20BF6C6191}.Debug|x64.ActiveCfg = Debug|x64
		{8F05B0E7-6D03-3F78-A470-0E20BF6C6191}.Debug|x64.Build.0 = Debug|x64
		{8F05B0E7-6D03-3F78-A470-0E20BF6C6191}.Release|Win32.ActiveCfg = Release|Win32
		{8F05B0E7-6D03-3F78-A470-0E20BF6C6191}.Release|Win32.Build.0 = Release|Win32
		{8F05B0E7-6D03-3F78-A470-0E20BF6C6191}.Release|x64.ActiveCfg = Release|x64
		{8F05B0E7-6D03-3F78-A470-0E20BF6C6191}.Release|x64.Build.0 = Release|x64
		{8F05B0E7-6D03-3F78-A470-0E20BF6C6191}.ReleaseWithoutAsm|Win32.ActiveCfg = Release|Win32
		{8F05B0E7-6D03-3F78-A470-0E20BF6C6191}.ReleaseWithoutAsm|Win32.Build.0 = Release|Win32
		{8F05B0E7-6D03-3F78-A470-0E20BF6C6191}.ReleaseWithoutAsm|x64.ActiveCfg = Release|x64
		{8F05B0E7-6D03-3F78-A470-0E20BF6C6191}.ReleaseWithoutAsm|x64.Build.0 = Release|x64
		{8F05B0E7-6D03-3F78-A470-0E20BF6C6191}.Template|Win32.ActiveCfg = Release|Win32
		{8F05B0E7-6D03-3F78-A470-0E20BF6C6191}.Template|Win32.Build.0 = Release|Win32
		{8F05B0E7-6D03-3F78-A470-0E20BF6C6191}.Template|x64.ActiveCfg = Release|x64
		{8F05B0E7-6D03-3F78-A470-0E20BF6C6191}.Template|x64.Build.0 = Release|x64
		{15D4CBE5-4F35-3280-9747-7C4C0FABE386}.Debug|Win32.ActiveCfg = Debug|Win32
		{15D4CBE5-4F35-3280-9747-7C4C0FABE386}.Debug|Win32.Build.0 = Debug|Win32
		{15D4CBE5-4F35-3280-9747-7C4C0FABE386}.Debug|x64.ActiveCfg = Debug|x64
		{15D4CBE5-4F35-3280-9747-7C4C0FABE386}.Debug|x64.Build.0 = Debug|x64
		{15D4CBE5-4F35-3280-9747-7C4C0FABE386}.Release|Win32.ActiveCfg = Release|Win32
		{15D4CBE5-4F35-3280-9747-7C4C0FABE386}.Release|Win32.Build.0 = Release|Win32
		{15D4CBE5-4F35-3280-9747-7C4C0FABE386}.Release|x64.ActiveCfg = Release|x64
		{15D4CBE5-4F35-3280-9747-7C4C0FABE386}.Release|x64.Build.0 = Release|x64
		{15D4CBE5-4F35-3280-9747-7C4C0FABE386}.ReleaseWithoutAsm|Win32.ActiveCfg = Release|Win32
		{15D4CBE5-4F35-3280-9747-7C4C0FABE386}.ReleaseWithoutAsm|Win32.Build.0 = Release|Win32
		{15D4CBE5-4F35-3280-9747-7C4C0FABE386}.ReleaseWithoutAsm|x64.ActiveCfg = Release|x64
		{15D4CBE5-4F35-3280-9747-7C4C0FABE386}.ReleaseWithoutAsm|x64.Build.0 = Release|x64
		{15D4CBE5-4F35-3280-9747-7C4C0FABE386}.Template|Win32.ActiveCfg = Release|Win32
		{15D4CBE5-4F35-3280-9747-7C4C0FABE386}.Template|Win32.Build.0 = Release|Win32
		{15D4CBE5-4F35-3280-9747-7C4C0FABE386}.Template|x64.ActiveCfg = Release|x64
		{15D4CBE5-4F35-3280-9747-7C4C0FABE386}.Template|x64.Build.0 = Release|x64
		{F4C697B6-702F-3408-9178-188DEC0884AB}.Debug|Win32.ActiveCfg = Debug|Win32
		{F4C697B6-702F-3408-9178-188DEC0884AB}.Debug|Win32.Build.0 = Debug|Win32
		{F4C697B6-702F-3408-9178-188DEC0884AB}.Debug|x64.ActiveCfg = Debug|x64
		{F4C697B6-702F-3408-9178-188DEC0884AB}.Debug|x64.Build.0 = Debug|x64
		{F4C697B6-702F-3408-9178-188DEC0884AB}.Release|Win32.ActiveCfg = Release|Win32
		{F4C697B6-702F-3408-9178-188DEC0884AB}.Release|Win32.Build.0 = Release|Win32
		{F4C697B6-702F-3408-9178-188DEC0884AB}.Release|x64.ActiveCfg = Release|x64
		{F4C697B6-702F-3408-9178-188DEC0884AB}.Release|x64.Build.0 = Release|x64
		{F4C697B6-702F-3408-9178-188DEC0884AB}.ReleaseWithoutAsm|Win32.ActiveCfg = Release|Win32
		{F4C697B6-702F-3408-9178-188DEC0884AB}.ReleaseWithoutAsm|Win32.Build.0 = Release|Win32
		{F4C697B6-702F-3408-9178-188DEC0884AB}.ReleaseWithoutAsm|x64.ActiveCfg = Release|x64
		{F4C697B6-702F-3408-9178-188DEC0884AB}.ReleaseWithoutAsm|x64.Build.0 = Release|x64
		{F4C697B6-702F-3408-9178-188DEC0884AB}.Template|Win32.ActiveCfg = Release|Win32
		{F4C697B6-702F-3408-9178-188DEC0884AB}.Template|Win32.Build.0 = Release|Win32
		{F4C697B6-702F-3408-9178-188DEC0884AB}.Template|x64.ActiveCfg = Release|x64
		{F4C697B6-702F-3408-9178-188DEC0884AB}.Template|x64.Build.0 = Release|x64
		{D337DDA4-BADC-35DE-A882-39885F8615E6}.Debug|Win32.ActiveCfg = Debug|Win32
		{D337DDA4-BADC-35DE-A882-39885F8615E6}.Debug|Win32.Build.0 = Debug|Win32
		{D337DDA4-BADC-35DE-A882-39885F8615E6}.Debug|x64.ActiveCfg = Debug|x64
		{D337DDA4-BADC-35DE-A882-39885F8615E6}.Debug|x64.Build.0 = Debug|x64
		{D337DDA4-BADC-35DE-A882-39885F8615E6}.Release|Win32.ActiveCfg = Release|Win32
		{D337DDA4-BADC-35DE-A882-39885F8615E6}.Release|Win32.Build.0 = Release|Win32
		{D337DDA4-BADC-35DE-A882-39885F8615E6}.Release|x64.ActiveCfg = Release|x64
		{D337DDA4-BADC-35DE-A882-39885F8615E6}.Release|x64.Build.0 = Release|x64
		{D337DDA4-BADC-35DE-A882-39885F8615E6}.ReleaseWithoutAsm|Win32.ActiveCfg = Release|Win32
		{D337DDA4-BADC-35DE-A882-39885F8615E6}.ReleaseWithoutAsm|Win32.Build.0 = Release|Win32
		{D337DDA4-BADC-35DE-A882-39885F8615E6}.ReleaseWithoutAsm|x64.ActiveCfg = Release|x64
		{D337DDA4-BADC-35DE-A882-39885F8615E6}.ReleaseWithoutAsm|x64.Build.0 = Release|x64
		{D337DDA4-BADC-35DE-A882-39885F8615E6}.Template|Win32.ActiveCfg = Release|Win32
		{D337DDA4-BADC-35DE-A882-39885F8615E6}.Template|Win32.Build.0 = Release|Win32
		{D337DDA4-BADC-35DE-A882-39885F8615E6}.Template|x64.ActiveCfg = Release|x64
		{D337DDA4-BADC-35DE-A882-39885F8615E6}.Template|x64.Build.0 = Release|x64
		{65D257CE-93CB-3369-A40A-A22229C5E367}.Debug|Win32.ActiveCfg = Debug|Win32
		{65D257CE-93CB-3369-A40A-A22229C5E367}.Debug|Win32.Build.0 = Debug|Win32
		{65D257CE-93CB-3369-A40A-A22229C5E367}.Debug|x64.ActiveCfg = Debug|x64
		{65D257CE-93CB-3369-A40A-A22229C5E367}.Debug|x64.Build.0 = Debug|x64
		{65D257CE-93CB-3369-A40A-A22229C5E367}.Release|Win32.ActiveCfg = Release|Win32
		{65D257CE-93CB-3369-A40A-A22229C5E367}.Release|Win32.Build.0 = Release|Win32
		{65D257CE-93CB-3369-A40A-A22229C5E367}.Release|x64.ActiveCfg = Release|x64
		{65D257CE-93CB-3369-A40A-A22229C5E367}.Release|x64.Build.0 = Release|x64
		{65D257CE-93CB-3369-A40A-A22229C5E367}.ReleaseWithoutAsm|Win32.ActiveCfg = Release|Win32
		{65D257CE-93CB-3369-A40A-A22229C5E367}.ReleaseWithoutAsm|Win32.Build.0 = Release|Win32
		{65D257CE-93CB-3369-A40A-A22229C5E367}.ReleaseWithoutAsm|x64.ActiveCfg = Release|x64
		{65D257CE-93CB-3369-A40A-A22229C5E367}.ReleaseWithoutAsm|x64.Build.0 = Release|x64
		{65D257CE-93CB-3369-A40A-A22229C5E367}.Template|Win32.ActiveCfg = Release|Win32
		{65D257CE-93CB-3369-A40A-A22229C5E367}.Template|Win32.Build.0 = Release|Win32
		{65D257CE-93CB-3369-A40A-A22229C5E367}.Template|x64.ActiveCfg = Release|x64
		{65D257CE-93CB-3369-A40A-A22229C5E367}.Template|x64.Build.0 = Release|x64
		{77C404F1-CFEC-30BA-99E0-24264E9261AE}.Debug|Win32.ActiveCfg = Debug|Win32
		{77C404F1-CFEC-30BA-99E0-24264E9261AE}.Debug|Win32.Build.0 = Debug|Win32
		{77C404F1-CFEC-30BA-99E0-24264E9261AE}.Debug|x64.ActiveCfg = Debug|x64
		{77C404F1-CFEC-30BA-99E0-24264E9261AE}.Debug|x64.Build.0 = Debug|x64
		{77C404F1-CFEC-30BA-99E0-24264E9261AE}.Release|Win32.ActiveCfg = Release|Win32
		{77C404F1-CFEC-30BA-99E0-24264E9261AE}.Release|Win32.Build.0 = Release|Win32
		{77C404F1-CFEC-30BA-99E0-24264E9261AE}.Release|x64.ActiveCfg = Release|x64
		{77C404F1-CFEC-30BA-99E0-24264E9261AE}.Release|x64.Build.0 = Release|x64
		{77C404F1-CFEC-30BA-99E0-24264E9261AE}.ReleaseWithoutAsm|Win32.ActiveCfg = Release|Win32
		{77C404F1-CFEC-30BA-99E0-24264E9261AE}.ReleaseWithoutAsm|Win32.Build.0 = Release|Win32
		{77C404F1-CFEC-30BA-99E0-24264E9261AE}.ReleaseWithoutAsm|x64.ActiveCfg = Release|x64
		{77C404F1-CFEC-30BA-99E0-24264E9261AE}.ReleaseWithoutAsm|x64.Build.0 = Release|x64
		{77C404F1-CFEC-30BA-99E0-24264E9261AE}.Template|Win32.ActiveCfg = Release|Win32
		{77C404F1-CFEC-30BA-99E0-24264E9261AE}.Template|Win32.Build.0 = Release|Win32
		{77C404F1-CFEC-30BA-99E0-24264E9261AE}.Template|x64.ActiveCfg = Release|x64
		{77C404F1-CFEC-30BA-99E0-24264E9261AE}.Template|x64.Build.0 = Release|x64
		{FBE5A090-4086-38AE-8D97-2B1779FF48F7}.Debug|Win32.ActiveCfg = Debug|Win32
		{FBE5A090-4086-38AE-8D97-2B1779FF48F7}.Debug|Win32.Build.0 = Debug|Win32
		{FBE5A090-4086-38AE-8D97-2B1779FF48F7}.Debug|x64.ActiveCfg = Debug|x64
		{FBE5A090-4086-38AE-8D97-2B1779FF48F7}.Debug|x64.Build.0 = Debug|x64
		{FBE5A090-4086-38AE-8D97-2B1779FF48F7}.Release|Win32.ActiveCfg = Release|Win32
		{FBE5A090-4086-38AE-8D97-2B1779FF48F7}.Release|Win32.Build.0 = Release|Win32
		{FBE5A090-4086-38AE-8D97-2B1779FF48F7}.Release|x64.ActiveCfg = Release|x64
		{FBE5A090-4086-38AE-8D97-2B1779FF48F7}.Release|x64.Build.0 = Release|x64
		{FBE5A090-4086-38AE-8D97-2B1779FF48F7}.ReleaseWithoutAsm|Win32.ActiveCfg = Release|Win32
		{FBE5A090-4086-38AE-8D97-2B1779FF48F7}.ReleaseWithoutAsm|Win32.Build.0 = Release|Win32
		{FBE5A090-4086-38AE-8D97-2B1779FF48F7}.ReleaseWithoutAsm|x64.ActiveCfg = Release|x64
		{FBE5A090-4086-38AE-8D97-2B1779FF48F7}.ReleaseWithoutAsm|x64.Build.0 = Release|x64
		{FBE5A090-4086-38AE-8D97-2B1779FF48F7}.Template|Win32.ActiveCfg = Release|Win32
		{FBE5A090-4086-38AE-8D97-2B1779FF48F7}.Template|Win32.Build.0 = Release|Win32
		{FBE5A090-4086-38AE-8D97-2B1779FF48F7}.Template|x64.ActiveCfg = Release|x64
		{FBE5A090-4086-38AE-8D97-2B1779FF48F7}.Template|x64.Build.0 = Release|x64
		{D331BC33-7715-38A4-9428-D7E204C7AFBF}.Debug|Win32.ActiveCfg = Debug|Win32
		{D331BC33-7715-38A4-9428-D7E204C7AFBF}.Debug|Win32.Build.0 = Debug|Win32
		{D331BC33-7715-38A4-9428-D7E204C7AFBF}.Debug|x64.ActiveCfg = Debug|x64
		{D331BC33-7715-38A4-9428-D7E204C7AFBF}.Debug|x64.Build.0 = Debug|x64
		{D331BC33-7715-38A4-9428-D7E204C7AFBF}.Release|Win32.ActiveCfg = Release|Win32
		{D331BC33-7715-38A4-9428-D7E204C7AFBF}.Release|Win32.Build.0 = Release|Win32
		{D331BC33-7715-38A4-9428-D7E204C7AFBF}.Release|x64.ActiveCfg = Release|x64
		{D331BC33-7715-38A4-9428-D7E204C7AFBF}.Release|x64.Build.0 = Release|x64
		{D331BC33-7715-38A4-9428-D7E204C7AFBF}.ReleaseWithoutAsm|Win32.ActiveCfg = Release|Win32
		{D331BC33-7715-38A4-9428-D7E204C7AFBF}.ReleaseWithoutAsm|Win32.Build.0 = Release|Win32
		{D331BC33-7715-38A4-9428-D7E204C7AFBF}.ReleaseWithoutAsm|x64.ActiveCfg = Release|x64
		{D331BC33-7715-38A4-9428-D7E204C7AFBF}.ReleaseWithoutAsm|x64.Build.0 = Release|x64
		{D331BC33-7715-38A4-9428-D7E204C7AFBF}.Template|Win32.ActiveCfg = Release|Win32
		{D331BC33-7715-38A4-9428-D7E204C7AFBF}.Template|Win32.Build.0 = Release|Win32
		{D331BC33-7715-38A4-9428-D7E204C7AFBF}.Template|x64.ActiveCfg = Release|x64
		{D331BC33-7715-38A4-9428-D7E204C7AFBF}.Template|x64.Build.0 = Release|x64
		{5586D775-7B11-3BC0-AB47-671B30C31DD4}.Debug|Win32.ActiveCfg = Debug|Win32
		{5586D775-7B11-3BC0-AB47-671B30C31DD4}.Debug|Win32.Build.0 = Debug|Win32
		{5586D775-7B11-3BC0-AB47-671B30C31DD4}.Debug|x64.ActiveCfg = Debug|x64
		{5586D775-7B11-3BC0-AB47-671B30C31DD4}.Debug|x64.Build.0 = Debug|x64
		{5586D775-7B11-3BC0-AB47-671B30C31DD4}.Release|Win32.ActiveCfg = Release|Win32
		{5586D775-7B11-3BC0-AB47-671B30C31DD4}.Release|Win32.Build.0 = Release|Win32
		{5586D775-7B11-3BC0-AB47-671B30C31DD4}.Release|x64.ActiveCfg = Release|x64
		{5586D775-7B11-3BC0-AB47-671B30C31DD4}.Release|x64.Build.0 = Release|x64
		{5586D775-7B11-3BC0-AB47-671B30C31DD4}.ReleaseWithoutAsm|Win32.ActiveCfg = Release|Win32
		{5586D775-7B11-3BC0-AB47-671B30C31DD4}.ReleaseWithoutAsm|Win32.Build.0 = Release|Win32
		{5586D775-7B11-3BC0-AB47-671B30C31DD4}.ReleaseWithoutAsm|x64.ActiveCfg = Release|x64
		{5586D775-7B11-3BC0-AB47-671B30C31DD4}.ReleaseWithoutAsm|x64.Build.0 = Release|x64
		{5586D775-7B11-3BC0-AB47-671B30C31DD4}.Template|Win32.ActiveCfg = Release|Win32
		{5586D775-7B11-3BC0-AB47-671B30C31DD4}.Template|Win32.Build.0 = Release|Win32
		{5586D775-7B11-3BC0-AB47-671B30C31DD4}.Template|x64.ActiveCfg = Release|x64
		{5586D775-7B11-3BC0-AB47-671B30C31DD4}.Template|x64.Build.0 = Release|x64
		{F6563BE4-7688-3D1B-9C8D-A675C5DCDB97}.Debug|Win32.ActiveCfg = Debug|Win32
		{F6563BE4-7688-3D1B-9C8D-A675C5DCDB97}.Debug|Win32.Build.0 = Debug|Win32
		{F6563BE4-7688-3D1B-9C8D-A675C5DCDB97}.Debug|x64.ActiveCfg = Debug|x64
		{F6563BE4-7688-3D1B-9C8D-A675C5DCDB97}.Debug|x64.Build.0 = Debug|x64
		{F6563BE4-7688-3D1B-9C8D-A675C5DCDB97}.Release|Win32.ActiveCfg = Release|Win32
		{F6563BE4-7688-3D1B-9C8D-A675C5DCDB97}.Release|Win32.Build.0 = Release|Win32
		{F6563BE4-7688-3D1B-9C8D-A675C5DCDB97}.Release|x64.ActiveCfg = Release|x64
		{F6563BE4-7688-3D1B-9C8D-A675C5DCDB97}.Release|x64.Build.0 = Release|x64
		{F6563BE4-7688-3D1B-9C8D-A675C5DCDB97}.ReleaseWithoutAsm|Win32.ActiveCfg = Release|Win32
		{F6563BE4-7688-3D1B-9C8D-A675C5DCDB97}.ReleaseWithoutAsm|Win32.Build.0 = Release|Win32
		{F6563BE4-7688-3D1B-9C8D-A675C5DCDB97}.ReleaseWithoutAsm|x64.ActiveCfg = Release|x64
		{F6563BE4-7688-3D1B-9C8D-A675C5DCDB97}.ReleaseWithoutAsm|x64.Build.0 = Release|x64
		{F6563BE4-7688-3D1B-9C8D-A675C5DCDB97}.Template|Win32.ActiveCfg = Release|Win32
		{F6563BE4-7688-3D1B-9C8D-A675C5DCDB97}.Template|Win32.Build.0 = Release|Win32
		{F6563BE4-7688-3D1B-9C8D-A675C5DCDB97}.Template|x64.ActiveCfg = Release|x64
		{F6563BE4-7688-3D1B-9C8D-A675C5DCDB97}.Template|x64.Build.0 = Release|x64
		{501BDB70-3A5A-36CD-933E-DDAC45004074}.Debug|Win32.ActiveCfg = Debug|Win32
		{501BDB70-3A5A-36CD-933E-DDAC45004074}.Debug|Win32.Build.0 = Debug|Win32
		{501BDB70-3A5A-36CD-933E-DDAC45004074}.Debug|x64.ActiveCfg = Debug|x64
		{501BDB70-3A5A-36CD-933E-DDAC45004074}.Debug|x64.Build.0 = Debug|x64
		{501BDB70-3A5A-36CD-933E-DDAC45004074}.Release|Win32.ActiveCfg = Release|Win32
		{501BDB70-3A5A-36CD-933E-DDAC45004074}.Release|Win32.Build.0 = Release|Win32
		{501BDB70-3A5A-36CD-933E-DDAC45004074}.Release|x64.ActiveCfg = Release|x64
		{501BDB70-3A5A-36CD-933E-DDAC45004074}.Release|x64.Build.0 = Release|x64
		{501BDB70-3A5A-36CD-933E-DDAC45004074}.ReleaseWithoutAsm|Win32.ActiveCfg = Release|Win32
		{501BDB70-3A5A-36CD-933E-DDAC45004074}.ReleaseWithoutAsm|Win32.Build.0 = Release|Win32
		{501BDB70-3A5A-36CD-933E-DDAC45004074}.ReleaseWithoutAsm|x64.ActiveCfg = Release|x64
		{501BDB70-3A5A-36CD-933E-DDAC45004074}.ReleaseWithoutAsm|x64.Build.0 = Release|x64
		{501BDB70-3A5A-36CD-933E-DDAC45004074}.Template|Win32.ActiveCfg = Release|Win32
		{501BDB70-3A5A-36CD-933E-DDAC45004074}.Template|Win32.Build.0 = Release|Win32
		{501BDB70-3A5A-36CD-933E-DDAC45004074}.Template|x64.ActiveCfg = Release|x64
		{501BDB70-3A5A-36CD-933E-DDAC45004074}.Template|x64.Build.0 = Release|x64
		{CAE2496D-67B0-3BB2-97D8-A744FC158DDC}.Debug|Win32.ActiveCfg = Debug|Win32
		{CAE2496D-67B0-3BB2-97D8-A744FC158DDC}.Debug|Win32.Build.0 = Debug|Win32
		{CAE2496D-67B0-3BB2-97D8-A744FC158DDC}.Debug|x64.ActiveCfg = Debug|x64
		{CAE2496D-67B0-3BB2-97D8-A744FC158DDC}.Debug|x64.Build.0 = Debug|x64
		{CAE2496D-67B0-3BB2-97D8-A744FC158DDC}.Release|Win32.ActiveCfg = Release|Win32
		{CAE2496D-67B0-3BB2-97D8-A744FC158DDC}.Release|Win32.Build.0 = Release|Win32
		{CAE2496D-67B0-3BB2-97D8-A744FC158DDC}.Release|x64.ActiveCfg = Release|x64
		{CAE2496D-67B0-3BB2-97D8-A744FC158DDC}.Release|x64.Build.0 = Release|x64
		{CAE2496D-67B0-3BB2-97D8-A744FC158DDC}.ReleaseWithoutAsm|Win32.ActiveCfg = Release|Win32
		{CAE2496D-67B0-3BB2-97D8-A744FC158DDC}.ReleaseWithoutAsm|Win32.Build.0 = Release|Win32
		{CAE2496D-67B0-3BB2-97D8-A744FC158DDC}.ReleaseWithoutAsm|x64.ActiveCfg = Release|x64
		{CAE2496D-67B0-3BB2-97D8-A744FC158DDC}.ReleaseWithoutAsm|x64.Build.0 = Release|x64
		{CAE2496D-67B0-3BB2-97D8-A744FC158DDC}.Template|Win32.ActiveCfg = Release|Win32
		{CAE2496D-67B0-3BB2-97D8-A744FC158DDC}.Template|Win32.Build.0 = Release|Win32
		{CAE2496D-67B0-3BB2-97D8-A744FC158DDC}.Template|x64.ActiveCfg = Release|x64
		{CAE2496D-67B0-3BB2-97D8-A744FC158DDC}.Template|x64.Build.0 = Release|x64
		{0C4956EE-443F-3946-ADE3-A3CA05104634}.Debug|Win32.ActiveCfg = Debug|Win32
		{0C4956EE-443F-3946-ADE3-A3CA05104634}.Debug|Win32.Build.0 = Debug|Win32
		{0C4956EE-443F-3946-ADE3-A3CA05104634}.Debug|x64.ActiveCfg = Debug|x64
		{0C4956EE-443F-3946-ADE3-A3CA05104634}.Debug|x64.Build.0 = Debug|x64
		{0C4956EE-443F-3946-ADE3-A3CA05104634}.Release|Win32.ActiveCfg = Release|Win32
		{0C4956EE-443F-3946-ADE3-A3CA05104634}.Release|Win32.Build.0 = Release|Win32
		{0C4956EE-443F-3946-ADE3-A3CA05104634}.Release|x64.ActiveCfg = Release|x64
		{0C4956EE-443F-3946-ADE3-A3CA05104634}.Release|x64.Build.0 = Release|x64
		{0C4956EE-443F-3946-ADE3-A3CA05104634}.ReleaseWithoutAsm|Win32.ActiveCfg = Release|Win32
		{0C4956EE-443F-3946-ADE3-A3CA05104634}.ReleaseWithoutAsm|Win32.Build.0 = Release|Win32
		{0C4956EE-443F-3946-ADE3-A3CA05104634}.ReleaseWithoutAsm|x64.ActiveCfg = Release|x64
		{0C4956EE-443F-3946-ADE3-A3CA05104634}.ReleaseWithoutAsm|x64.Build.0 = Release|x64
		{0C4956EE-443F-3946-ADE3-A3CA05104634}.Template|Win32.ActiveCfg = Release|Win32
		{0C4956EE-443F-3946-ADE3-A3CA05104634}.Template|Win32.Build.0 = Release|Win32
		{0C4956EE-443F-3946-ADE3-A3CA05104634}.Template|x64.ActiveCfg = Release|x64
		{0C4956EE-443F-3946-ADE3-A3CA05104634}.Template|x64.Build.0 = Release|x64
		{F5882A01-8E6A-3517-8314-98871ABEA30C}.Debug|Win32.ActiveCfg = Debug|Win32
		{F5882A01-8E6A-3517-8314-98871ABEA30C}.Debug|Win32.Build.0 = Debug|Win32
		{F5882A01-8E6A-3517-8314-98871ABEA30C}.Debug|x64.ActiveCfg = Debug|x64
		{F5882A01-8E6A-3517-8314-98871ABEA30C}.Debug|x64.Build.0 = Debug|x64
		{F5882A01-8E6A-3517-8314-98871ABEA30C}.Release|Win32.ActiveCfg = Release|Win32
		{F5882A01-8E6A-3517-8314-98871ABEA30C}.Release|Win32.Build.0 = Release|Win32
		{F5882A01-8E6A-3517-8314-98871ABEA30C}.Release|x64.ActiveCfg = Release|x64
		{F5882A01-8E6A-3517-8314-98871ABEA30C}.Release|x64.Build.0 = Release|x64
		{F5882A01-8E6A-3517-8314-98871ABEA30C}.ReleaseWithoutAsm|Win32.ActiveCfg = Release|Win32
		{F5882A01-8E6A-3517-8314-98871ABEA30C}.ReleaseWithoutAsm|Win32.Build.0 = Release|Win32
		{F5882A01-8E6A-3517-8314-98871ABEA30C}.ReleaseWithoutAsm|x64.ActiveCfg = Release|x64
		{F5882A01-8E6A-3517-8314-98871ABEA30C}.ReleaseWithoutAsm|x64.Build.0 = Release|x64
		{F5882A01-8E6A-3517-8314-98871ABEA30C}.Template|Win32.ActiveCfg = Release|Win32
		{F5882A01-8E6A-3517-8314-98871ABEA30C}.Template|Win32.Build.0 = Release|Win32
		{F5882A01-8E6A-3517-8314-98871ABEA30C}.Template|x64.ActiveCfg = Release|x64
		{F5882A01-8E6A-3517-8314-98871ABEA30C}.Template|x64.Build.0 = Release|x64
		{173A76DB-E655-395E-B46F-D37655C4E519}.Debug|Win32.ActiveCfg = Debug|Win32
		{173A76DB-E655-395E-B46F-D37655C4E519}.Debug|Win32.Build.0 = Debug|Win32
		{173A76DB-E655-395E-B46F-D37655C4E519}.Debug|x64.ActiveCfg = Debug|x64
		{173A76DB-E655-395E-B46F-D37655C4E519}.Debug|x64.Build.0 = Debug|x64
		{173A76DB-E655-395E-B46F-D37655C4E519}.Release|Win32.ActiveCfg = Release|Win32
		{173A76DB-E655-395E-B46F-D37655C4E519}.Release|Win32.Build.0 = Release|Win32
		{173A76DB-E655-395E-B46F-D37655C4E519}.Release|x64.ActiveCfg = Release|x64
		{173A76DB-E655-395E-B46F-D37655C4E519}.Release|x64.Build.0 = Release|x64
		{173A76DB-E655-395E-B46F-D37655C4E519}.ReleaseWithoutAsm|Win32.ActiveCfg = Release|Win32
		{173A76DB-E655-395E-B46F-D37655C4E519}.ReleaseWithoutAsm|Win32.Build.0 = Release|Win32
		{173A76DB-E655-395E-B46F-D37655C4E519}.ReleaseWithoutAsm|x64.ActiveCfg = Release|x64
		{173A76DB-E655-395E-B46F-D37655C4E519}.ReleaseWithoutAsm|x64.Build.0 = Release|x64
		{173A76DB-E655-395E-B46F-D37655C4E519}.Template|Win32.ActiveCfg = Release|Win32
		{173A76DB-E655-395E-B46F-D37655C4E519}.Template|Win32.Build.0 = Release|Win32
		{173A76DB-E655-395E-B46F-D37655C4E519}.Template|x64.ActiveCfg = Release|x64
		{173A76DB-E655-395E-B46F-D37655C4E519}.Template|x64.Build.0 = Release|x64
		{5C45C1B7-B78F-3DAD-945E-7D73BF082D36}.Debug|Win32.ActiveCfg = Debug|Win32
		{5C45C1B7-B78F-3DAD-945E-7D73BF082D36}.Debug|Win32.Build.0 = Debug|Win32
		{5C45C1B7-B78F-3DAD-945E-7D73BF082D36}.Debug|x64.ActiveCfg = Debug|x64
		{5C45C1B7-B78F-3DAD-945E-7D73BF082D36}.Debug|x64.Build.0 = Debug|x64
		{5C45C1B7-B78F-3DAD-945E-7D73BF082D36}.Release|Win32.ActiveCfg = Release|Win32
		{5C45C1B7-B78F-3DAD-945E-7D73BF082D36}.Release|Win32.Build.0 = Release|Win32
		{5C45C1B7-B78F-3DAD-945E-7D73BF082D36}.Release|x64.ActiveCfg = Release|x64
		{5C45C1B7-B78F-3DAD-945E-7D73BF082D36}.Release|x64.Build.0 = Release|x64
		{5C45C1B7-B78F-3DAD-945E-7D73BF082D36}.ReleaseWithoutAsm|Win32.ActiveCfg = Release|Win32
		{5C45C1B7-B78F-3DAD-945E-7D73BF082D36}.ReleaseWithoutAsm|Win32.Build.0 = Release|Win32
		{5C45C1B7-B78F-3DAD-945E-7D73BF082D36}.ReleaseWithoutAsm|x64.ActiveCfg = Release|x64
		{5C45C1B7-B78F-3DAD-945E-7D73BF082D36}.ReleaseWithoutAsm|x64.Build.0 = Release|x64
		{5C45C1B7-B78F-3DAD-945E-7D73BF082D36}.Template|Win32.ActiveCfg = Release|Win32
		{5C45C1B7-B78F-3DAD-945E-7D73BF082D36}.Template|Win32.Build.0 = Release|Win32
		{5C45C1B7-B78F-3DAD-945E-7D73BF082D36}.Template|x64.ActiveCfg = Release|x64
		{5C45C1B7-B78F-3DAD-945E-7D73BF082D36}.Template|x64.Build.0 = Release|x64
		{185F0432-B7B5-37EC-B5AE-CEEDB34E89F3}.Debug|Win32.ActiveCfg = Debug|Win32
		{185F0432-B7B5-37EC-B5AE-CEEDB34E89F3}.Debug|Win32.Build.0 = Debug|Win32
		{185F0432-B7B5-37EC-B5AE-CEEDB34E89F3}.Debug|x64.ActiveCfg = Debug|x64
		{185F0432-B7B5-37EC-B5AE-CEEDB34E89F3}.Debug|x64.Build.0 = Debug|x64
		{185F0432-B7B5-37EC-B5AE-CEEDB34E89F3}.Release|Win32.ActiveCfg = Release|Win32
		{185F0432-B7B5-37EC-B5AE-CEEDB34E89F3}.Release|Win32.Build.0 = Release|Win32
		{185F0432-B7B5-37EC-B5AE-CEEDB34E89F3}.Release|x64.ActiveCfg = Release|x64
		{185F0432-B7B5-37EC-B5AE-CEEDB34E89F3}.Release|x64.Build.0 = Release|x64
		{185F0432-B7B5-37EC-B5AE-CEEDB34E89F3}.ReleaseWithoutAsm|Win32.ActiveCfg = Release|Win32
		{185F0432-B7B5-37EC-B5AE-CEEDB34E89F3}.ReleaseWithoutAsm|Win32.Build.0 = Release|Win32
		{185F0432-B7B5-37EC-B5AE-CEEDB34E89F3}.ReleaseWithoutAsm|x64.ActiveCfg = Release|x64
		{185F0432-B7B5-37EC-B5AE-CEEDB34E89F3}.ReleaseWithoutAsm|x64.Build.0 = Release|x64
		{185F0432-B7B5-37EC-B5AE-CEEDB34E89F3}.Template|Win32.ActiveCfg = Release|Win32
		{185F0432-B7B5-37EC-B5AE-CEEDB34E89F3}.Template|Win32.Build.0 = Release|Win32
		{185F0432-B7B5-37EC-B5AE-CEEDB34E89F3}.Template|x64.ActiveCfg = Release|x64
		{185F0432-B7B5-37EC-B5AE-CEEDB34E89F3}.Template|x64.Build.0 = Release|x64
		{E889F85A-B74E-3769-B092-3D21492D3252}.Debug|Win32.ActiveCfg = Debug|Win32
		{E889F85A-B74E-3769-B092-3D21492D3252}.Debug|Win32.Build.0 = Debug|Win32
		{E889F85A-B74E-3769-B092-3D21492D3252}.Debug|x64.ActiveCfg = Debug|x64
		{E889F85A-B74E-3769-B092-3D21492D3252}.Debug|x64.Build.0 = Debug|x64
		{E889F85A-B74E-3769-B092-3D21492D3252}.Release|Win32.ActiveCfg = Release|Win32
		{E889F85A-B74E-3769-B092-3D21492D3252}.Release|Win32.Build.0 = Release|Win32
		{E889F85A-B74E-3769-B092-3D21492D3252}.Release|x64.ActiveCfg = Release|x64
		{E889F85A-B74E-3769-B092-3D21492D3252}.Release|x64.Build.0 = Release|x64
		{E889F85A-B74E-3769-B092-3D21492D3252}.ReleaseWithoutAsm|Win32.ActiveCfg = Release|Win32
		{E889F85A-B74E-3769-B092-3D21492D3252}.ReleaseWithoutAsm|Win32.Build.0 = Release|Win32
		{E889F85A-B74E-3769-B092-3D21492D3252}.ReleaseWithoutAsm|x64.ActiveCfg = Release|x64
		{E889F85A-B74E-3769-B092-3D21492D3252}.ReleaseWithoutAsm|x64.Build.0 = Release|x64
		{E889F85A-B74E-3769-B092-3D21492D3252}.Template|Win32.ActiveCfg = Release|Win32
		{E889F85A-B74E-3769-B092-3D21492D3252}.Template|Win32.Build.0 = Release|Win32
		{E889F85A-B74E-3769-B092-3D21492D3252}.Template|x64.ActiveCfg = Release|x64
		{E889F85A-B74E-3769-B092-3D21492D3252}.Template|x64.Build.0 = Release|x64
		{D32B8E6A-D60A-34D1-AA46-6472FC3C1D18}.Debug|Win32.ActiveCfg = Debug|Win32
		{D32B8E6A-D60A-34D1-AA46-6472FC3C1D18}.Debug|Win32.Build.0 = Debug|Win32
		{D32B8E6A-D60A-34D1-AA46-6472FC3C1D18}.Debug|x64.ActiveCfg = Debug|x64
		{D32B8E6A-D60A-34D1-AA46-6472FC3C1D18}.Debug|x64.Build.0 = Debug|x64
		{D32B8E6A-D60A-34D1-AA46-6472FC3C1D18}.Release|Win32.ActiveCfg = Release|Win32
		{D32B8E6A-D60A-34D1-AA46-6472FC3C1D18}.Release|Win32.Build.0 = Release|Win32
		{D32B8E6A-D60A-34D1-AA46-6472FC3C1D18}.Release|x64.ActiveCfg = Release|x64
		{D32B8E6A-D60A-34D1-AA46-6472FC3C1D18}.Release|x64.Build.0 = Release|x64
		{D32B8E6A-D60A-34D1-AA46-6472FC3C1D18}.ReleaseWithoutAsm|Win32.ActiveCfg = Release|Win32
		{D32B8E6A-D60A-34D1-AA46-6472FC3C1D18}.ReleaseWithoutAsm|Win32.Build.0 = Release|Win32
		{D32B8E6A-D60A-34D1-AA46-6472FC3C1D18}.ReleaseWithoutAsm|x64.ActiveCfg = Release|x64
		{D32B8E6A-D60A-34D1-AA46-6472FC3C1D18}.ReleaseWithoutAsm|x64.Build.0 = Release|x64
		{D32B8E6A-D60A-34D1-AA46-6472FC3C1D18}.Template|Win32.ActiveCfg = Release|Win32
		{D32B8E6A-D60A-34D1-AA46-6472FC3C1D18}.Template|Win32.Build.0 = Release|Win32
		{D32B8E6A-D60A-34D1-AA46-6472FC3C1D18}.Template|x64.ActiveCfg = Release|x64
		{D32B8E6A-D60A-34D1-AA46-6472FC3C1D18}.Template|x64.Build.0 = Release|x64
		{C246E465-75B0-33DA-B16E-B5B756D9417A}.Debug|Win32.ActiveCfg = Debug|Win32
		{C246E465-75B0-33DA-B16E-B5B756D9417A}.Debug|Win32.Build.0 = Debug|Win32
		{C246E465-75B0-33DA-B16E-B5B756D9417A}.Debug|x64.ActiveCfg = Debug|x64
		{C246E465-75B0-33DA-B16E-B5B756D9417A}.Debug|x64.Build.0 = Debug|x64
		{C246E465-75B0-33DA-B16E-B5B756D9417A}.Release|Win32.ActiveCfg = Release|Win32
		{C246E465-75B0-33DA-B16E-B5B756D9417A}.Release|Win32.Build.0 = Release|Win32
		{C246E465-75B0-33DA-B16E-B5B756D9417A}.Release|x64.ActiveCfg = Release|x64
		{C246E465-75B0-33DA-B16E-B5B756D9417A}.Release|x64.Build.0 = Release|x64
		{C246E465-75B0-33DA-B16E-B5B756D9417A}.ReleaseWithoutAsm|Win32.ActiveCfg = Release|Win32
		{C246E465-75B0-33DA-B16E-B5B756D9417A}.ReleaseWithoutAsm|Win32.Build.0 = Release|Win32
		{C246E465-75B0-33DA-B16E-B5B756D9417A}.ReleaseWithoutAsm|x64.ActiveCfg = Release|x64
		{C246E465-75B0-33DA-B16E-B5B756D9417A}.ReleaseWithoutAsm|x64.Build.0 = Release|x64
		{C246E465-75B0-33DA-B16E-B5B756D9417A}.Template|Win32.ActiveCfg = Release|Win32
		{C246E465-75B0-33DA-B16E-B5B756D9417A}.Template|Win32.Build.0 = Release|Win32
		{C246E465-75B0-33DA-B16E-B5B756D9417A}.Template|x64.ActiveCfg = Release|x64
		{C246E465-75B0-33DA-B16E-B5B756D9417A}.Template|x64.Build.0 = Release|x64
		{0C0707B2-8DCA-3C21-BD30-A4B4EF43B667}.Debug|Win32.ActiveCfg = Debug|Win32
		{0C0707B2-8DCA-3C21-BD30-A4B4EF43B667}.Debug|Win32.Build.0 = Debug|Win32
		{0C0707B2-8DCA-3C21-BD30-A4B4EF43B667}.Debug|x64.ActiveCfg = Debug|x64
		{0C0707B2-8DCA-3C21-BD30-A4B4EF43B667}.Debug|x64.Build.0 = Debug|x64
		{0C0707B2-8DCA-3C21-BD30-A4B4EF43B667}.Release|Win32.ActiveCfg = Release|Win32
		{0C0707B2-8DCA-3C21-BD30-A4B4EF43B667}.Release|Win32.Build.0 = Release|Win32
		{0C0707B2-8DCA-3C21-BD30-A4B4EF43B667}.Release|x64.ActiveCfg = Release|x64
		{0C0707B2-8DCA-3C21-BD30-A4B4EF43B667}.Release|x64.Build.0 = Release|x64
		{0C0707B2-8DCA-3C21-BD30-A4B4EF43B667}.ReleaseWithoutAsm|Win32.ActiveCfg = Release|Win32
		{0C0707B2-8DCA-3C21-BD30-A4B4EF43B667}.ReleaseWithoutAsm|Win32.Build.0 = Release|Win32
		{0C0707B2-8DCA-3C21-BD30-A4B4EF43B667}.ReleaseWithoutAsm|x64.ActiveCfg = Release|x64
		{0C0707B2-8DCA-3C21-BD30-A4B4EF43B667}.ReleaseWithoutAsm|x64.Build.0 = Release|x64
		{0C0707B2-8DCA-3C21-BD30-A4B4EF43B667}.Template|Win32.ActiveCfg = Release|Win32
		{0C0707B2-8DCA-3C21-BD30-A4B4EF43B667}.Template|Win32.Build.0 = Release|Win32
		{0C0707B2-8DCA-3C21-BD30-A4B4EF43B667}.Template|x64.ActiveCfg = Release|x64
		{0C0707B2-8DCA-3C21-BD30-A4B4EF43B667}.Template|x64.Build.0 = Release|x64
		{77DF5599-695C-3767-B1E2-0EF71D914E6F}.Debug|Win32.ActiveCfg = Debug|Win32
		{77DF5599-695C-3767-B1E2-0EF71D914E6F}.Debug|Win32.Build.0 = Debug|Win32
		{77DF5599-695C-3767-B1E2-0EF71D914E6F}.Debug|x64.ActiveCfg = Debug|x64
		{77DF5599-695C-3767-B1E2-0EF71D914E6F}.Debug|x64.Build.0 = Debug|x64
		{77DF5599-695C-3767-B1E2-0EF71D914E6F}.Release|Win32.ActiveCfg = Release|Win32
		{77DF5599-695C-3767-B1E2-0EF71D914E6F}.Release|Win32.Build.0 = Release|Win32
		{77DF5599-695C-3767-B1E2-0EF71D914E6F}.Release|x64.ActiveCfg = Release|x64
		{77DF5599-695C-3767-B1E2-0EF71D914E6F}.Release|x64.Build.0 = Release|x64
		{77DF5599-695C-3767-B1E2-0EF71D914E6F}.ReleaseWithoutAsm|Win32.ActiveCfg = Release|Win32
		{77DF5599-695C-3767-B1E2-0EF71D914E6F}.ReleaseWithoutAsm|Win32.Build.0 = Release|Win32
		{77DF5599-695C-3767-B1E2-0EF71D914E6F}.ReleaseWithoutAsm|x64.ActiveCfg = Release|x64
		{77DF5599-695C-3767-B1E2-0EF71D914E6F}.ReleaseWithoutAsm|x64.Build.0 = Release|x64
		{77DF5599-695C-3767-B1E2-0EF71D914E6F}.Template|Win32.ActiveCfg = Release|Win32
		{77DF5599-695C-3767-B1E2-0EF71D914E6F}.Template|Win32.Build.0 = Release|Win32
		{77DF5599-695C-3767-B1E2-0EF71D914E6F}.Template|x64.ActiveCfg = Release|x64
		{77DF5599-695C-3767-B1E2-0EF71D914E6F}.Template|x64.Build.0 = Release|x64
		{1189226D-1673-32D1-BDD9-03029D0D6E67}.Debug|Win32.ActiveCfg = Debug|Win32
		{1189226D-1673-32D1-BDD9-03029D0D6E67}.Debug|Win32.Build.0 = Debug|Win32
		{1189226D-1673-32D1-BDD9-03029D0D6E67}.Debug|x64.ActiveCfg = Debug|x64
		{1189226D-1673-32D1-BDD9-03029D0D6E67}.Debug|x64.Build.0 = Debug|x64
		{1189226D-1673-32D1-BDD9-03029D0D6E67}.Release|Win32.ActiveCfg = Release|Win32
		{1189226D-1673-32D1-BDD9-03029D0D6E67}.Release|Win32.Build.0 = Release|Win32
		{1189226D-1673-32D1-BDD9-03029D0D6E67}.Release|x64.ActiveCfg = Release|x64
		{1189226D-1673-32D1-BDD9-03029D0D6E67}.Release|x64.Build.0 = Release|x64
		{1189226D-1673-32D1-BDD9-03029D0D6E67}.ReleaseWithoutAsm|Win32.ActiveCfg = Release|Win32
		{1189226D-1673-32D1-BDD9-03029D0D6E67}.ReleaseWithoutAsm|Win32.Build.0 = Release|Win32
		{1189226D-1673-32D1-BDD9-03029D0D6E67}.ReleaseWithoutAsm|x64.ActiveCfg = Release|x64
		{1189226D-1673-32D1-BDD9-03029D0D6E67}.ReleaseWithoutAsm|x64.Build.0 = Release|x64
		{1189226D-1673-32D1-BDD9-03029D0D6E67}.Template|Win32.ActiveCfg = Release|Win32
		{1189226D-1673-32D1-BDD9-03029D0D6E67}.Template|Win32.Build.0 = Release|Win32
		{1189226D-1673-32D1-BDD9-03029D0D6E67}.Template|x64.ActiveCfg = Release|x64
		{1189226D-1673-32D1-BDD9-03029D0D6E67}.Template|x64.Build.0 = Release|x64
		{759412CA-C0A1-3294-971F-D8A278960F0A}.Debug|Win32.ActiveCfg = Debug|Win32
		{759412CA-C0A1-3294-971F-D8A278960F0A}.Debug|Win32.Build.0 = Debug|Win32
		{759412CA-C0A1-3294-971F-D8A278960F0A}.Debug|x64.ActiveCfg = Debug|x64
		{759412CA-C0A1-3294-971F-D8A278960F0A}.Debug|x64.Build.0 = Debug|x64
		{759412CA-C0A1-3294-971F-D8A278960F0A}.Release|Win32.ActiveCfg = Release|Win32
		{759412CA-C0A1-3294-971F-D8A278960F0A}.Release|Win32.Build.0 = Release|Win32
		{759412CA-C0A1-3294-971F-D8A278960F0A}.Release|x64.ActiveCfg = Release|x64
		{759412CA-C0A1-3294-971F-D8A278960F0A}.Release|x64.Build.0 = Release|x64
		{759412CA-C0A1-3294-971F-D8A278960F0A}.ReleaseWithoutAsm|Win32.ActiveCfg = Release|Win32
		{759412CA-C0A1-3294-971F-D8A278960F0A}.ReleaseWithoutAsm|Win32.Build.0 = Release|Win32
		{759412CA-C0A1-3294-971F-D8A278960F0A}.ReleaseWithoutAsm|x64.ActiveCfg = Release|x64
		{759412CA-C0A1-3294-971F-D8A278960F0A}.ReleaseWithoutAsm|x64.Build.0 = Release|x64
		{759412CA-C0A1-3294-971F-D8A278960F0A}.Template|Win32.ActiveCfg = Release|Win32
		{759412CA-C0A1-3294-971F-D8A278960F0A}.Template|Win32.Build.0 = Release|Win32
		{759412CA-C0A1-3294-971F-D8A278960F0A}.Template|x64.ActiveCfg = Release|x64
		{759412CA-C0A1-3294-971F-D8A278960F0A}.Template|x64.Build.0 = Release|x64
		{F463A88E-9034-347F-A8B9-957B938CB0DF}.Debug|Win32.ActiveCfg = Debug|Win32
		{F463A88E-9034-347F-A8B9-957B938CB0DF}.Debug|Win32.Build.0 = Debug|Win32
		{F463A88E-9034-347F-A8B9-957B938CB0DF}.Debug|x64.ActiveCfg = Debug|x64
		{F463A88E-9034-347F-A8B9-957B938CB0DF}.Debug|x64.Build.0 = Debug|x64
		{F463A88E-9034-347F-A8B9-957B938CB0DF}.Release|Win32.ActiveCfg = Release|Win32
		{F463A88E-9034-347F-A8B9-957B938CB0DF}.Release|Win32.Build.0 = Release|Win32
		{F463A88E-9034-347F-A8B9-957B938CB0DF}.Release|x64.ActiveCfg = Release|x64
		{F463A88E-9034-347F-A8B9-957B938CB0DF}.Release|x64.Build.0 = Release|x64
		{F463A88E-9034-347F-A8B9-957B938CB0DF}.ReleaseWithoutAsm|Win32.ActiveCfg = Release|Win32
		{F463A88E-9034-347F-A8B9-957B938CB0DF}.ReleaseWithoutAsm|Win32.Build.0 = Release|Win32
		{F463A88E-9034-347F-A8B9-957B938CB0DF}.ReleaseWithoutAsm|x64.ActiveCfg = Release|x64
		{F463A88E-9034-347F-A8B9-957B938CB0DF}.ReleaseWithoutAsm|x64.Build.0 = Release|x64
		{F463A88E-9034-347F-A8B9-957B938CB0DF}.Template|Win32.ActiveCfg = Release|Win32
		{F463A88E-9034-347F-A8B9-957B938CB0DF}.Template|Win32.Build.0 = Release|Win32
		{F463A88E-9034-347F-A8B9-957B938CB0DF}.Template|x64.ActiveCfg = Release|x64
		{F463A88E-9034-347F-A8B9-957B938CB0DF}.Template|x64.Build.0 = Release|x64
		{CB179509-BCEB-3629-AE22-7E72FB7FC436}.Debug|Win32.ActiveCfg = Debug|Win32
		{CB179509-BCEB-3629-AE22-7E72FB7FC436}.Debug|Win32.Build.0 = Debug|Win32
		{CB179509-BCEB-3629-AE22-7E72FB7FC436}.Debug|x64.ActiveCfg = Debug|x64
		{CB179509-BCEB-3629-AE22-7E72FB7FC436}.Debug|x64.Build.0 = Debug|x64
		{CB179509-BCEB-3629-AE22-7E72FB7FC436}.Release|Win32.ActiveCfg = Release|Win32
		{CB179509-BCEB-3629-AE22-7E72FB7FC436}.Release|Win32.Build.0 = Release|Win32
		{CB179509-BCEB-3629-AE22-7E72FB7FC436}.Release|x64.ActiveCfg = Release|x64
		{CB179509-BCEB-3629-AE22-7E72FB7FC436}.Release|x64.Build.0 = Release|x64
		{CB179509-BCEB-3629-AE22-7E72FB7FC436}.ReleaseWithoutAsm|Win32.ActiveCfg = Release|Win32
		{CB179509-BCEB-3629-AE22-7E72FB7FC436}.ReleaseWithoutAsm|Win32.Build.0 = Release|Win32
		{CB179509-BCEB-3629-AE22-7E72FB7FC436}.ReleaseWithoutAsm|x64.ActiveCfg = Release|x64
		{CB179509-BCEB-3629-AE22-7E72FB7FC436}.ReleaseWithoutAsm|x64.Build.0 = Release|x64
		{CB179509-BCEB-3629-AE22-7E72FB7FC436}.Template|Win32.ActiveCfg = Release|Win32
		{CB179509-BCEB-3629-AE22-7E72FB7FC436}.Template|Win32.Build.0 = Release|Win32
		{CB179509-BCEB-3629-AE22-7E72FB7FC436}.Template|x64.ActiveCfg = Release|x64
		{CB179509-BCEB-3629-AE22-7E72FB7FC436}.Template|x64.Build.0 = Release|x64
		{F261E568-BEA2-30A7-813C-7C4653A82BDF}.Debug|Win32.ActiveCfg = Debug|Win32
		{F261E568-BEA2-30A7-813C-7C4653A82BDF}.Debug|Win32.Build.0 = Debug|Win32
		{F261E568-BEA2-30A7-813C-7C4653A82BDF}.Debug|x64.ActiveCfg = Debug|x64
		{F261E568-BEA2-30A7-813C-7C4653A82BDF}.Debug|x64.Build.0 = Debug|x64
		{F261E568-BEA2-30A7-813C-7C4653A82BDF}.Release|Win32.ActiveCfg = Release|Win32
		{F261E568-BEA2-30A7-813C-7C4653A82BDF}.Release|Win32.Build.0 = Release|Win32
		{F261E568-BEA2-30A7-813C-7C4653A82BDF}.Release|x64.ActiveCfg = Release|x64
		{F261E568-BEA2-30A7-813C-7C4653A82BDF}.Release|x64.Build.0 = Release|x64
		{F261E568-BEA2-30A7-813C-7C4653A82BDF}.ReleaseWithoutAsm|Win32.ActiveCfg = Release|Win32
		{F261E568-BEA2-30A7-813C-7C4653A82BDF}.ReleaseWithoutAsm|Win32.Build.0 = Release|Win32
		{F261E568-BEA2-30A7-813C-7C4653A82BDF}.ReleaseWithoutAsm|x64.ActiveCfg = Release|x64
		{F261E568-BEA2-30A7-813C-7C4653A82BDF}.ReleaseWithoutAsm|x64.Build.0 = Release|x64
		{F261E568-BEA2-30A7-813C-7C4653A82BDF}.Template|Win32.ActiveCfg = Release|Win32
		{F261E568-BEA2-30A7-813C-7C4653A82BDF}.Template|Win32.Build.0 = Release|Win32
		{F261E568-BEA2-30A7-813C-7C4653A82BDF}.Template|x64.ActiveCfg = Release|x64
		{F261E568-BEA2-30A7-813C-7C4653A82BDF}.Template|x64.Build.0 = Release|x64
		{15FB8FAB-3AEE-345B-B37F-9C87B2E497F0}.Debug|Win32.ActiveCfg = Debug|Win32
		{15FB8FAB-3AEE-345B-B37F-9C87B2E497F0}.Debug|Win32.Build.0 = Debug|Win32
		{15FB8FAB-3AEE-345B-B37F-9C87B2E497F0}.Debug|x64.ActiveCfg = Debug|x64
		{15FB8FAB-3AEE-345B-B37F-9C87B2E497F0}.Debug|x64.Build.0 = Debug|x64
		{15FB8FAB-3AEE-345B-B37F-9C87B2E497F0}.Release|Win32.ActiveCfg = Release|Win32
		{15FB8FAB-3AEE-345B-B37F-9C87B2E497F0}.Release|Win32.Build.0 = Release|Win32
		{15FB8FAB-3AEE-345B-B37F-9C87B2E497F0}.Release|x64.ActiveCfg = Release|x64
		{15FB8FAB-3AEE-345B-B37F-9C87B2E497F0}.Release|x64.Build.0 = Release|x64
		{15FB8FAB-3AEE-345B-B37F-9C87B2E497F0}.ReleaseWithoutAsm|Win32.ActiveCfg = Release|Win32
		{15FB8FAB-3AEE-345B-B37F-9C87B2E497F0}.ReleaseWithoutAsm|Win32.Build.0 = Release|Win32
		{15FB8FAB-3AEE-345B-B37F-9C87B2E497F0}.ReleaseWithoutAsm|x64.ActiveCfg = Release|x64
		{15FB8FAB-3AEE-345B-B37F-9C87B2E497F0}.ReleaseWithoutAsm|x64.Build.0 = Release|x64
		{15FB8FAB-3AEE-345B-B37F-9C87B2E497F0}.Template|Win32.ActiveCfg = Release|Win32
		{15FB8FAB-3AEE-345B-B37F-9C87B2E497F0}.Template|Win32.Build.0 = Release|Win32
		{15FB8FAB-3AEE-345B-B37F-9C87B2E497F0}.Template|x64.ActiveCfg = Release|x64
		{15FB8FAB-3AEE-345B-B37F-9C87B2E497F0}.Template|x64.Build.0 = Release|x64
		{D4183F76-C1DE-37FE-8926-955F8CF7D5A7}.Debug|Win32.ActiveCfg = Debug|Win32
		{D4183F76-C1DE-37FE-8926-955F8CF7D5A7}.Debug|Win32.Build.0 = Debug|Win32
		{D4183F76-C1DE-37FE-8926-955F8CF7D5A7}.Debug|x64.ActiveCfg = Debug|x64
		{D4183F76-C1DE-37FE-8926-955F8CF7D5A7}.Debug|x64.Build.0 = Debug|x64
		{D4183F76-C1DE-37FE-8926-955F8CF7D5A7}.Release|Win32.ActiveCfg = Release|Win32
		{D4183F76-C1DE-37FE-8926-955F8CF7D5A7}.Release|Win32.Build.0 = Release|Win32
		{D4183F76-C1DE-37FE-8926-955F8CF7D5A7}.Release|x64.ActiveCfg = Release|x64
		{D4183F76-C1DE-37FE-8926-955F8CF7D5A7}.Release|x64.Build.0 = Release|x64
		{D4183F76-C1DE-37FE-8926-955F8CF7D5A7}.ReleaseWithoutAsm|Win32.ActiveCfg = Release|Win32
		{D4183F76-C1DE-37FE-8926-955F8CF7D5A7}.ReleaseWithoutAsm|Win32.Build.0 = Release|Win32
		{D4183F76-C1DE-37FE-8926-955F8CF7D5A7}.ReleaseWithoutAsm|x64.ActiveCfg = Release|x64
		{D4183F76-C1DE-37FE-8926-955F8CF7D5A7}.ReleaseWithoutAsm|x64.Build.0 = Release|x64
		{D4183F76-C1DE-37FE-8926-955F8CF7D5A7}.Template|Win32.ActiveCfg = Release|Win32
		{D4183F76-C1DE-37FE-8926-955F8CF7D5A7}.Template|Win32.Build.0 = Release|Win32
		{D4183F76-C1DE-37FE-8926-955F8CF7D5A7}.Template|x64.ActiveCfg = Release|x64
		{D4183F76-C1DE-37FE-8926-955F8CF7D5A7}.Template|x64.Build.0 = Release|x64
		{745DEC58-EBB3-47A9-A9B8-4C6627C01BF8}.Debug|Win32.ActiveCfg = Debug|Win32
		{745DEC58-EBB3-47A9-A9B8-4C6627C01BF8}.Debug|Win32.Build.0 = Debug|Win32
		{745DEC58-EBB3-47A9-A9B8-4C6627C01BF8}.Debug|x64.ActiveCfg = Debug|x64
		{745DEC58-EBB3-47A9-A9B8-4C6627C01BF8}.Debug|x64.Build.0 = Debug|x64
		{745DEC58-EBB3-47A9-A9B8-4C6627C01BF8}.Release|Win32.ActiveCfg = Release|Win32
		{745DEC58-EBB3-47A9-A9B8-4C6627C01BF8}.Release|Win32.Build.0 = Release|Win32
		{745DEC58-EBB3-47A9-A9B8-4C6627C01BF8}.Release|x64.ActiveCfg = Release|x64
		{745DEC58-EBB3-47A9-A9B8-4C6627C01BF8}.Release|x64.Build.0 = Release|x64
		{745DEC58-EBB3-47A9-A9B8-4C6627C01BF8}.ReleaseWithoutAsm|Win32.ActiveCfg = ReleaseWithoutAsm|Win32
		{745DEC58-EBB3-47A9-A9B8-4C6627C01BF8}.ReleaseWithoutAsm|Win32.Build.0 = ReleaseWithoutAsm|Win32
		{745DEC58-EBB3-47A9-A9B8-4C6627C01BF8}.ReleaseWithoutAsm|x64.ActiveCfg = ReleaseWithoutAsm|x64
		{745DEC58-EBB3-47A9-A9B8-4C6627C01BF8}.ReleaseWithoutAsm|x64.Build.0 = ReleaseWithoutAsm|x64
		{745DEC58-EBB3-47A9-A9B8-4C6627C01BF8}.Template|Win32.ActiveCfg = Release|Win32
		{745DEC58-EBB3-47A9-A9B8-4C6627C01BF8}.Template|Win32.Build.0 = Release|Win32
		{745DEC58-EBB3-47A9-A9B8-4C6627C01BF8}.Template|x64.ActiveCfg = Release|x64
		{745DEC58-EBB3-47A9-A9B8-4C6627C01BF8}.Template|x64.Build.0 = Release|x64
		{58A821BC-E4AF-4DF4-9A54-2BAA22B92615}.Debug|Win32.ActiveCfg = Debug|Win32
		{58A821BC-E4AF-4DF4-9A54-2BAA22B92615}.Debug|Win32.Build.0 = Debug|Win32
		{58A821BC-E4AF-4DF4-9A54-2BAA22B92615}.Debug|x64.ActiveCfg = Debug|x64
		{58A821BC-E4AF-4DF4-9A54-2BAA22B92615}.Debug|x64.Build.0 = Debug|x64
		{58A821BC-E4AF-4DF4-9A54-2BAA22B92615}.Release|Win32.ActiveCfg = Release|Win32
		{58A821BC-E4AF-4DF4-9A54-2BAA22B92615}.Release|Win32.Build.0 = Release|Win32
		{58A821BC-E4AF-4DF4-9A54-2BAA22B92615}.Release|x64.ActiveCfg = Release|x64
		{58A821BC-E4AF-4DF4-9A54-2BAA22B92615}.Release|x64.Build.0 = Release|x64
		{58A821BC-E4AF-4DF4-9A54-2BAA22B92615}.ReleaseWithoutAsm|Win32.ActiveCfg = Release|Win32
		{58A821BC-E4AF-4DF4-9A54-2BAA22B92615}.ReleaseWithoutAsm|Win32.Build.0 = Release|Win32
		{58A821BC-E4AF-4DF4-9A54-2BAA22B92615}.ReleaseWithoutAsm|x64.ActiveCfg = Release|x64
		{58A821BC-E4AF-4DF4-9A54-2BAA22B92615}.ReleaseWithoutAsm|x64.Build.0 = Release|x64
		{58A821BC-E4AF-4DF4-9A54-2BAA22B92615}.Template|Win32.ActiveCfg = Template|Win32
		{58A821BC-E4AF-4DF4-9A54-2BAA22B92615}.Template|Win32.Build.0 = Template|Win32
		{58A821BC-E4AF-4DF4-9A54-2BAA22B92615}.Template|x64.ActiveCfg = Template|x64
		{58A821BC-E4AF-4DF4-9A54-2BAA22B92615}.Template|x64.Build.0 = Template|x64
		{95E9B845-09D7-3453-AEEB-2E1005096E32}.Debug|Win32.ActiveCfg = Debug|Win32
		{95E9B845-09D7-3453-AEEB-2E1005096E32}.Debug|Win32.Build.0 = Debug|Win32
		{95E9B845-09D7-3453-AEEB-2E1005096E32}.Debug|x64.ActiveCfg = Debug|x64
		{95E9B845-09D7-3453-AEEB-2E1005096E32}.Debug|x64.Build.0 = Debug|x64
		{95E9B845-09D7-3453-AEEB-2E1005096E32}.Release|Win32.ActiveCfg = Release|Win32
		{95E9B845-09D7-3453-AEEB-2E1005096E32}.Release|Win32.Build.0 = Release|Win32
		{95E9B845-09D7-3453-AEEB-2E1005096E32}.Release|x64.ActiveCfg = Release|x64
		{95E9B845-09D7-3453-AEEB-2E1005096E32}.Release|x64.Build.0 = Release|x64
		{95E9B845-09D7-3453-AEEB-2E1005096E32}.ReleaseWithoutAsm|Win32.ActiveCfg = Release|Win32
		{95E9B845-09D7-3453-AEEB-2E1005096E32}.ReleaseWithoutAsm|Win32.Build.0 = Release|Win32
		{95E9B845-09D7-3453-AEEB-2E1005096E32}.ReleaseWithoutAsm|x64.ActiveCfg = Release|x64
		{95E9B845-09D7-3453-AEEB-2E1005096E32}.ReleaseWithoutAsm|x64.Build.0 = Release|x64
		{95E9B845-09D7-3453-AEEB-2E1005096E32}.Template|Win32.ActiveCfg = Release|Win32
		{95E9B845-09D7-3453-AEEB-2E1005096E32}.Template|Win32.Build.0 = Release|Win32
		{95E9B845-09D7-3453-AEEB-2E1005096E32}.Template|x64.ActiveCfg = Release|x64
		{95E9B845-09D7-3453-AEEB-2E1005096E32}.Template|x64.Build.0 = Release|x64
		{DB773438-551F-38FA-8D50-D0261199236B}.Debug|Win32.ActiveCfg = Debug|Win32
		{DB773438-551F-38FA-8D50-D0261199236B}.Debug|Win32.Build.0 = Debug|Win32
		{DB773438-551F-38FA-8D50-D0261199236B}.Debug|x64.ActiveCfg = Debug|x64
		{DB773438-551F-38FA-8D50-D0261199236B}.Debug|x64.Build.0 = Debug|x64
		{DB773438-551F-38FA-8D50-D0261199236B}.Release|Win32.ActiveCfg = Release|Win32
		{DB773438-551F-38FA-8D50-D0261199236B}.Release|Win32.Build.0 = Release|Win32
		{DB773438-551F-38FA-8D50-D0261199236B}.Release|x64.ActiveCfg = Release|x64
		{DB773438-551F-38FA-8D50-D0261199236B}.Release|x64.Build.0 = Release|x64
		{DB773438-551F-38FA-8D50-D0261199236B}.ReleaseWithoutAsm|Win32.ActiveCfg = Release|Win32
		{DB773438-551F-38FA-8D50-D0261199236B}.ReleaseWithoutAsm|Win32.Build.0 = Release|Win32
		{DB773438-551F-38FA-8D50-D0261199236B}.ReleaseWithoutAsm|x64.ActiveCfg = Release|x64
		{DB773438-551F-38FA-8D50-D0261199236B}.ReleaseWithoutAsm|x64.Build.0 = Release|x64
		{DB773438-551F-38FA-8D50-D0261199236B}.Template|Win32.ActiveCfg = Release|Win32
		{DB773438-551F-38FA-8D50-D0261199236B}.Template|Win32.Build.0 = Release|Win32
		{DB773438-551F-38FA-8D50-D0261199236B}.Template|x64.ActiveCfg = Release|x64
		{DB773438-551F-38FA-8D50-D0261199236B}.Template|x64.Build.0 = Release|x64
		{625D49F1-BC00-4C36-AE25-2F408B208B08}.Debug|Win32.ActiveCfg = Debug|Win32
		{625D49F1-BC00-4C36-AE25-2F408B208B08}.Debug|Win32.Build.0 = Debug|Win32
		{625D49F1-BC00-4C36-AE25-2F408B208B08}.Debug|x64.ActiveCfg = Debug|x64
		{625D49F1-BC00-4C36-AE25-2F408B208B08}.Debug|x64.Build.0 = Debug|x64
		{625D49F1-BC00-4C36-AE25-2F408B208B08}.Release|Win32.ActiveCfg = Release|Win32
		{625D49F1-BC00-4C36-AE25-2F408B208B08}.Release|Win32.Build.0 = Release|Win32
		{625D49F1-BC00-4C36-AE25-2F408B208B08}.Release|x64.ActiveCfg = Release|x64
		{625D49F1-BC00-4C36-AE25-2F408B208B08}.Release|x64.Build.0 = Release|x64
		{625D49F1-BC00-4C36-AE25-2F408B208B08}.ReleaseWithoutAsm|Win32.ActiveCfg = Release|Win32
		{625D49F1-BC00-4C36-AE25-2F408B208B08}.ReleaseWithoutAsm|Win32.Build.0 = Release|Win32
		{625D49F1-BC00-4C36-AE25-2F408B208B08}.ReleaseWithoutAsm|x64.ActiveCfg = Release|x64
		{625D49F1-BC00-4C36-AE25-2F408B208B08}.ReleaseWithoutAsm|x64.Build.0 = Release|x64
		{625D49F1-BC00-4C36-AE25-2F408B208B08}.Template|Win32.ActiveCfg = Release|Win32
		{625D49F1-BC00-4C36-AE25-2F408B208B08}.Template|Win32.Build.0 = Release|Win32
		{625D49F1-BC00-4C36-AE25-2F408B208B08}.Template|x64.ActiveCfg = Release|x64
		{625D49F1-BC00-4C36-AE25-2F408B208B08}.Template|x64.Build.0 = Release|x64
		{C92E1E46-3C94-4DD6-8E7D-E23ECED32A8C}.Debug|Win32.ActiveCfg = Debug|Win32
		{C92E1E46-3C94-4DD6-8E7D-E23ECED32A8C}.Debug|Win32.Build.0 = Debug|Win32
		{C92E1E46-3C94-4DD6-8E7D-E23ECED32A8C}.Debug|x64.ActiveCfg = Debug|x64
		{C92E1E46-3C94-4DD6-8E7D-E23ECED32A8C}.Debug|x64.Build.0 = Debug|x64
		{C92E1E46-3C94-4DD6-8E7D-E23ECED32A8C}.Release|Win32.ActiveCfg = Release|Win32
		{C92E1E46-3C94-4DD6-8E7D-E23ECED32A8C}.Release|Win32.Build.0 = Release|Win32
		{C92E1E46-3C94-4DD6-8E7D-E23ECED32A8C}.Release|x64.ActiveCfg = Release|x64
		{C92E1E46-3C94-4DD6-8E7D-E23ECED32A8C}.Release|x64.Build.0 = Release|x64
		{C92E1E46-3C94-4DD6-8E7D-E23ECED32A8C}.ReleaseWithoutAsm|Win32.ActiveCfg = Release|Win32
		{C92E1E46-3C94-4DD6-8E7D-E23ECED32A8C}.ReleaseWithoutAsm|Win32.Build.0 = Release|Win32
		{C92E1E46-3C94-4DD6-8E7D-E23ECED32A8C}.ReleaseWithoutAsm|x64.ActiveCfg = Release|x64
		{C92E1E46-3C94-4DD6-8E7D-E23ECED32A8C}.ReleaseWithoutAsm|x64.Build.0 = Release|x64
		{C92E1E46-3C94-4DD6-8E7D-E23ECED32A8C}.Template|Win32.ActiveCfg = Release|Win32
		{C92E1E46-3C94-4DD6-8E7D-E23ECED32A8C}.Template|Win32.Build.0 = Release|Win32
		{C92E1E46-3C94-4DD6-8E7D-E23ECED32A8C}.Template|x64.ActiveCfg = Release|x64
		{C92E1E46-3C94-4DD6-8E7D-E23ECED32A8C}.Template|x64.Build.0 = Release|x64
		{1E068827-5CD6-4648-98DD-B0417F0B9DDC}.Debug|Win32.ActiveCfg = Debug|Win32
		{1E068827-5CD6-4648-98DD-B0417F0B9DDC}.Debug|Win32.Build.0 = Debug|Win32
		{1E068827-5CD6-4648-98DD-B0417F0B9DDC}.Debug|x64.ActiveCfg = Debug|x64
		{1E068827-5CD6-4648-98DD-B0417F0B9DDC}.Debug|x64.Build.0 = Debug|x64
		{1E068827-5CD6-4648-98DD-B0417F0B9DDC}.Release|Win32.ActiveCfg = Release|Win32
		{1E068827-5CD6-4648-98DD-B0417F0B9DDC}.Release|Win32.Build.0 = Release|Win32
		{1E068827-5CD6-4648-98DD-B0417F0B9DDC}.Release|x64.ActiveCfg = Release|x64
		{1E068827-5CD6-4648-98DD-B0417F0B9DDC}.Release|x64.Build.0 = Release|x64
		{1E068827-5CD6-4648-98DD-B0417F0B9DDC}.ReleaseWithoutAsm|Win32.ActiveCfg = Release|Win32
		{1E068827-5CD6-4648-98DD-B0417F0B9DDC}.ReleaseWithoutAsm|Win32.Build.0 = Release|Win32
		{1E068827-5CD6-4648-98DD-B0417F0B9DDC}.ReleaseWithoutAsm|x64.ActiveCfg = Release|x64
		{1E068827-5CD6-4648-98DD-B0417F0B9DDC}.ReleaseWithoutAsm|x64.Build.0 = Release|x64
		{1E068827-5CD6-4648-98DD-B0417F0B9DDC}.Template|Win32.ActiveCfg = Release|Win32
		{1E068827-5CD6-4648-98DD-B0417F0B9DDC}.Template|Win32.Build.0 = Release|Win32
		{1E068827-5CD6-4648-98DD-B0417F0B9DDC}.Template|x64.ActiveCfg = Release|x64
		{1E068827-5CD6-4648-98DD-B0417F0B9DDC}.Template|x64.Build.0 = Release|x64
		{1704EA01-6B21-4362-9F1F-44D25CF2E0D7}.Debug|Win32.ActiveCfg = Debug|Win32
		{1704EA01-6B21-4362-9F1F-44D25CF2E0D7}.Debug|Win32.Build.0 = Debug|Win32
		{1704EA01-6B21-4362-9F1F-44D25CF2E0D7}.Debug|x64.ActiveCfg = Debug|x64
		{1704EA01-6B21-4362-9F1F-44D25CF2E0D7}.Debug|x64.Build.0 = Debug|x64
		{1704EA01-6B21-4362-9F1F-44D25CF2E0D7}.Release|Win32.ActiveCfg = Release|Win32
		{1704EA01-6B21-4362-9F1F-44D25CF2E0D7}.Release|Win32.Build.0 = Release|Win32
		{1704EA01-6B21-4362-9F1F-44D25CF2E0D7}.Release|x64.ActiveCfg = Release|x64
		{1704EA01-6B21-4362-9F1F-44D25CF2E0D7}.Release|x64.Build.0 = Release|x64
		{1704EA01-6B21-4362-9F1F-44D25CF2E0D7}.ReleaseWithoutAsm|Win32.ActiveCfg = Release|Win32
		{1704EA01-6B21-4362-9F1F-44D25CF2E0D7}.ReleaseWithoutAsm|Win32.Build.0 = Release|Win32
		{1704EA01-6B21-4362-9F1F-44D25CF2E0D7}.ReleaseWithoutAsm|x64.ActiveCfg = Release|x64
		{1704EA01-6B21-4362-9F1F-44D25CF2E0D7}.ReleaseWithoutAsm|x64.Build.0 = Release|x64
		{1704EA01-6B21-4362-9F1F-44D25CF2E0D7}.Template|Win32.ActiveCfg = Release|Win32
		{1704EA01-6B21-4362-9F1F-44D25CF2E0D7}.Template|Win32.Build.0 = Release|Win32
		{1704EA01-6B21-4362-9F1F-44D25CF2E0D7}.Template|x64.ActiveCfg = Release|x64
		{1704EA01-6B21-4362-9F1F-44D25CF2E0D7}.Template|x64.Build.0 = Release|x64
		{0AA428D8-E6A8-3A36-9045-621F4DDE3043}.Debug|Win32.ActiveCfg = Debug|Win32
		{0AA428D8-E6A8-3A36-9045-621F4DDE3043}.Debug|Win32.Build.0 = Debug|Win32
		{0AA428D8-E6A8-3A36-9045-621F4DDE3043}.Debug|x64.ActiveCfg = Debug|x64
		{0AA428D8-E6A8-3A36-9045-621F4DDE3043}.Debug|x64.Build.0 = Debug|x64
		{0AA428D8-E6A8-3A36-9045-621F4DDE3043}.Release|Win32.ActiveCfg = Release|Win32
		{0AA428D8-E6A8-3A36-9045-621F4DDE3043}.Release|Win32.Build.0 = Release|Win32
		{0AA428D8-E6A8-3A36-9045-621F4DDE3043}.Release|x64.ActiveCfg = Release|x64
		{0AA428D8-E6A8-3A36-9045-621F4DDE3043}.Release|x64.Build.0 = Release|x64
		{0AA428D8-E6A8-3A36-9045-621F4DDE3043}.ReleaseWithoutAsm|Win32.ActiveCfg = Release|Win32
		{0AA428D8-E6A8-3A36-9045-621F4DDE3043}.ReleaseWithoutAsm|Win32.Build.0 = Release|Win32
		{0AA428D8-E6A8-3A36-9045-621F4DDE3043}.ReleaseWithoutAsm|x64.ActiveCfg = Release|x64
		{0AA428D8-E6A8-3A36-9045-621F4DDE3043}.ReleaseWithoutAsm|x64.Build.0 = Release|x64
		{0AA428D8-E6A8-3A36-9045-621F4DDE3043}.Template|Win32.ActiveCfg = Release|Win32
		{0AA428D8-E6A8-3A36-9045-621F4DDE3043}.Template|Win32.Build.0 = Release|Win32
		{0AA428D8-E6A8-3A36-9045-621F4DDE3043}.Template|x64.ActiveCfg = Release|x64
		{0AA428D8-E6A8-3A36-9045-621F4DDE3043}.Template|x64.Build.0 = Release|x64
		{127DC9DE-814F-312C-8F30-4FE281393B38}.Debug|Win32.ActiveCfg = Debug|Win32
		{127DC9DE-814F-312C-8F30-4FE281393B38}.Debug|Win32.Build.0 = Debug|Win32
		{127DC9DE-814F-312C-8F30-4FE281393B38}.Debug|x64.ActiveCfg = Debug|x64
		{127DC9DE-814F-312C-8F30-4FE281393B38}.Debug|x64.Build.0 = Debug|x64
		{127DC9DE-814F-312C-8F30-4FE281393B38}.Release|Win32.ActiveCfg = Release|Win32
		{127DC9DE-814F-312C-8F30-4FE281393B38}.Release|Win32.Build.0 = Release|Win32
		{127DC9DE-814F-312C-8F30-4FE281393B38}.Release|x64.ActiveCfg = Release|x64
		{127DC9DE-814F-312C-8F30-4FE281393B38}.Release|x64.Build.0 = Release|x64
		{127DC9DE-814F-312C-8F30-4FE281393B38}.ReleaseWithoutAsm|Win32.ActiveCfg = Release|Win32
		{127DC9DE-814F-312C-8F30-4FE281393B38}.ReleaseWithoutAsm|Win32.Build.0 = Release|Win32
		{127DC9DE-814F-312C-8F30-4FE281393B38}.ReleaseWithoutAsm|x64.ActiveCfg = Release|x64
		{127DC9DE-814F-312C-8F30-4FE281393B38}.ReleaseWithoutAsm|x64.Build.0 = Release|x64
		{127DC9DE-814F-312C-8F30-4FE281393B38}.Template|Win32.ActiveCfg = Release|Win32
		{127DC9DE-814F-312C-8F30-4FE281393B38}.Template|Win32.Build.0 = Release|Win32
		{127DC9DE-814F-312C-8F30-4FE281393B38}.Template|x64.ActiveCfg = Release|x64
		{127DC9DE-814F-312C-8F30-4FE281393B38}.Template|x64.Build.0 = Release|x64
		{DA6F56B4-06A4-441D-AD70-AC5A7D51FADB}.Debug|Win32.ActiveCfg = Debug|Win32
		{DA6F56B4-06A4-441D-AD70-AC5A7D51FADB}.Debug|Win32.Build.0 = Debug|Win32
		{DA6F56B4-06A4-441D-AD70-AC5A7D51FADB}.Debug|x64.ActiveCfg = Debug|x64
		{DA6F56B4-06A4-441D-AD70-AC5A7D51FADB}.Debug|x64.Build.0 = Debug|x64
		{DA6F56B4-06A4-441D-AD70-AC5A7D51FADB}.Release|Win32.ActiveCfg = Release|Win32
		{DA6F56B4-06A4-441D-AD70-AC5A7D51FADB}.Release|Win32.Build.0 = Release|Win32
		{DA6F56B4-06A4-441D-AD70-AC5A7D51FADB}.Release|x64.ActiveCfg = Release|x64
		{DA6F56B4-06A4-441D-AD70-AC5A7D51FADB}.Release|x64.Build.0 = Release|x64
		{DA6F56B4-06A4-441D-AD70-AC5A7D51FADB}.ReleaseWithoutAsm|Win32.ActiveCfg = Release|Win32
		{DA6F56B4-06A4-441D-AD70-AC5A7D51FADB}.ReleaseWithoutAsm|Win32.Build.0 = Release|Win32
		{DA6F56B4-06A4-441D-AD70-AC5A7D51FADB}.ReleaseWithoutAsm|x64.ActiveCfg = Release|x64
		{DA6F56B4-06A4-441D-AD70-AC5A7D51FADB}.ReleaseWithoutAsm|x64.Build.0 = Release|x64
		{DA6F56B4-06A4-441D-AD70-AC5A7D51FADB}.Template|Win32.ActiveCfg = Release|Win32
		{DA6F56B4-06A4-441D-AD70-AC5A7D51FADB}.Template|Win32.Build.0 = Release|Win32
		{DA6F56B4-06A4-441D-AD70-AC5A7D51FADB}.Template|x64.ActiveCfg = Release|x64
		{DA6F56B4-06A4-441D-AD70-AC5A7D51FADB}.Template|x64.Build.0 = Release|x64
		{B8B3B620-FC06-47D0-9D92-BD5CBA448D84}.Debug|Win32.ActiveCfg = Debug|Win32
		{B8B3B620-FC06-47D0-9D92-BD5CBA448D84}.Debug|Win32.Build.0 = Debug|Win32
		{B8B3B620-FC06-47D0-9D92-BD5CBA448D84}.Debug|x64.ActiveCfg = Debug|x64
		{B8B3B620-FC06-47D0-9D92-BD5CBA448D84}.Debug|x64.Build.0 = Debug|x64
		{B8B3B620-FC06-47D0-9D92-BD5CBA448D84}.Release|Win32.ActiveCfg = Release|Win32
		{B8B3B620-FC06-47D0-9D92-BD5CBA448D84}.Release|Win32.Build.0 = Release|Win32
		{B8B3B620-FC06-47D0-9D92-BD5CBA448D84}.Release|x64.ActiveCfg = Release|x64
		{B8B3B620-FC06-47D0-9D92-BD5CBA448D84}.Release|x64.Build.0 = Release|x64
		{B8B3B620-FC06-47D0-9D92-BD5CBA448D84}.ReleaseWithoutAsm|Win32.ActiveCfg = Release|Win32
		{B8B3B620-FC06-47D0-9D92-BD5CBA448D84}.ReleaseWithoutAsm|Win32.Build.0 = Release|Win32
		{B8B3B620-FC06-47D0-9D92-BD5CBA448D84}.ReleaseWithoutAsm|x64.ActiveCfg = Release|x64
		{B8B3B620-FC06-47D0-9D92-BD5CBA448D84}.ReleaseWithoutAsm|x64.Build.0 = Release|x64
		{B8B3B620-FC06-47D0-9D92-BD5CBA448D84}.Template|Win32.ActiveCfg = Release|Win32
		{B8B3B620-FC06-47D0-9D92-BD5CBA448D84}.Template|Win32.Build.0 = Release|Win32
		{B8B3B620-FC06-47D0-9D92-BD5CBA448D84}.Template|x64.ActiveCfg = Release|x64
		{B8B3B620-FC06-47D0-9D92-BD5CBA448D84}.Template|x64.Build.0 = Release|x64
	EndGlobalSection
	GlobalSection(SolutionProperties) = preSolution
		HideSolutionNode = FALSE
	EndGlobalSection
	GlobalSection(NestedProjects) = preSolution
		{879F70B2-936F-3FF2-A118-14A28E5707B7} = {58734831-B214-4513-BF4C-9D606C91E868}
		{E0B80865-C593-3FC0-A62E-AF42163CDD4B} = {58734831-B214-4513-BF4C-9D606C91E868}
		{535B189D-144C-38DD-B15B-4CA4F0EAAD03} = {58734831-B214-4513-BF4C-9D606C91E868}
		{940CB11E-9663-3CF8-94C9-F6EA8AD62D2E} = {58734831-B214-4513-BF4C-9D606C91E868}
		{E7346D1B-60D5-39D7-9FC9-D35D7923147F} = {58734831-B214-4513-BF4C-9D606C91E868}
		{E1260800-6CCC-3F07-899B-D2E1EAAD8927} = {58734831-B214-4513-BF4C-9D606C91E868}
		{5D67FF72-A2EB-33C5-AE93-43D4ABBE52B7} = {58734831-B214-4513-BF4C-9D606C91E868}
		{B3FC6EEF-2B38-3997-B3E2-5D7AB0182098} = {58734831-B214-4513-BF4C-9D606C91E868}
		{6282C08A-83EE-3DC2-81C2-EB3EE252AFB1} = {58734831-B214-4513-BF4C-9D606C91E868}
		{F3C1AD12-ABBE-328A-970D-62C247E979FF} = {58734831-B214-4513-BF4C-9D606C91E868}
		{F4C697B6-702F-3408-9178-188DEC0884AB} = {58734831-B214-4513-BF4C-9D606C91E868}
		{D337DDA4-BADC-35DE-A882-39885F8615E6} = {58734831-B214-4513-BF4C-9D606C91E868}
		{65D257CE-93CB-3369-A40A-A22229C5E367} = {58734831-B214-4513-BF4C-9D606C91E868}
		{77C404F1-CFEC-30BA-99E0-24264E9261AE} = {58734831-B214-4513-BF4C-9D606C91E868}
		{FBE5A090-4086-38AE-8D97-2B1779FF48F7} = {58734831-B214-4513-BF4C-9D606C91E868}
		{D331BC33-7715-38A4-9428-D7E204C7AFBF} = {58734831-B214-4513-BF4C-9D606C91E868}
		{5586D775-7B11-3BC0-AB47-671B30C31DD4} = {58734831-B214-4513-BF4C-9D606C91E868}
		{F6563BE4-7688-3D1B-9C8D-A675C5DCDB97} = {58734831-B214-4513-BF4C-9D606C91E868}
		{501BDB70-3A5A-36CD-933E-DDAC45004074} = {58734831-B214-4513-BF4C-9D606C91E868}
		{CAE2496D-67B0-3BB2-97D8-A744FC158DDC} = {58734831-B214-4513-BF4C-9D606C91E868}
		{0C4956EE-443F-3946-ADE3-A3CA05104634} = {58734831-B214-4513-BF4C-9D606C91E868}
		{F5882A01-8E6A-3517-8314-98871ABEA30C} = {58734831-B214-4513-BF4C-9D606C91E868}
		{173A76DB-E655-395E-B46F-D37655C4E519} = {58734831-B214-4513-BF4C-9D606C91E868}
		{5C45C1B7-B78F-3DAD-945E-7D73BF082D36} = {58734831-B214-4513-BF4C-9D606C91E868}
		{185F0432-B7B5-37EC-B5AE-CEEDB34E89F3} = {58734831-B214-4513-BF4C-9D606C91E868}
		{E889F85A-B74E-3769-B092-3D21492D3252} = {58734831-B214-4513-BF4C-9D606C91E868}
		{D32B8E6A-D60A-34D1-AA46-6472FC3C1D18} = {58734831-B214-4513-BF4C-9D606C91E868}
		{C246E465-75B0-33DA-B16E-B5B756D9417A} = {58734831-B214-4513-BF4C-9D606C91E868}
		{0C0707B2-8DCA-3C21-BD30-A4B4EF43B667} = {58734831-B214-4513-BF4C-9D606C91E868}
		{77DF5599-695C-3767-B1E2-0EF71D914E6F} = {58734831-B214-4513-BF4C-9D606C91E868}
		{1189226D-1673-32D1-BDD9-03029D0D6E67} = {58734831-B214-4513-BF4C-9D606C91E868}
		{759412CA-C0A1-3294-971F-D8A278960F0A} = {58734831-B214-4513-BF4C-9D606C91E868}
		{F463A88E-9034-347F-A8B9-957B938CB0DF} = {58734831-B214-4513-BF4C-9D606C91E868}
		{CB179509-BCEB-3629-AE22-7E72FB7FC436} = {58734831-B214-4513-BF4C-9D606C91E868}
		{F261E568-BEA2-30A7-813C-7C4653A82BDF} = {58734831-B214-4513-BF4C-9D606C91E868}
		{15FB8FAB-3AEE-345B-B37F-9C87B2E497F0} = {58734831-B214-4513-BF4C-9D606C91E868}
		{D4183F76-C1DE-37FE-8926-955F8CF7D5A7} = {58734831-B214-4513-BF4C-9D606C91E868}
		{C1530683-7B22-4711-A28D-EB85D6EB4341} = {4B90B8DD-9956-4545-BD02-651E72E952DB}
		{745DEC58-EBB3-47A9-A9B8-4C6627C01BF8} = {C1530683-7B22-4711-A28D-EB85D6EB4341}
		{ED774129-9AF5-4BD4-9EE5-45DA2A3E0D22} = {4B90B8DD-9956-4545-BD02-651E72E952DB}
		{58A821BC-E4AF-4DF4-9A54-2BAA22B92615} = {ED774129-9AF5-4BD4-9EE5-45DA2A3E0D22}
		{F663E319-59FD-4078-9523-C12E27C3D861} = {4B90B8DD-9956-4545-BD02-651E72E952DB}
		{95E9B845-09D7-3453-AEEB-2E1005096E32} = {F663E319-59FD-4078-9523-C12E27C3D861}
		{DB773438-551F-38FA-8D50-D0261199236B} = {F663E319-59FD-4078-9523-C12E27C3D861}
		{CB91FB25-735F-47E6-B03F-07E399A71DF0} = {4B90B8DD-9956-4545-BD02-651E72E952DB}
		{625D49F1-BC00-4C36-AE25-2F408B208B08} = {CB91FB25-735F-47E6-B03F-07E399A71DF0}
		{C92E1E46-3C94-4DD6-8E7D-E23ECED32A8C} = {CB91FB25-735F-47E6-B03F-07E399A71DF0}
		{1E068827-5CD6-4648-98DD-B0417F0B9DDC} = {CB91FB25-735F-47E6-B03F-07E399A71DF0}
		{2B87527C-BFD7-4052-AACA-56D6FAE909F2} = {4B90B8DD-9956-4545-BD02-651E72E952DB}
		{1704EA01-6B21-4362-9F1F-44D25CF2E0D7} = {2B87527C-BFD7-4052-AACA-56D6FAE909F2}
		{A7FEA0DE-61D3-4581-BA4F-C8AC0696B253} = {4B90B8DD-9956-4545-BD02-651E72E952DB}
		{0AA428D8-E6A8-3A36-9045-621F4DDE3043} = {A7FEA0DE-61D3-4581-BA4F-C8AC0696B253}
		{7B332138-E8B9-4ED5-AB7C-F1F882756BD5} = {4B90B8DD-9956-4545-BD02-651E72E952DB}
		{127DC9DE-814F-312C-8F30-4FE281393B38} = {7B332138-E8B9-4ED5-AB7C-F1F882756BD5}
		{968769AE-15C0-4515-8DF2-8AD839A91A7F} = {4B90B8DD-9956-4545-BD02-651E72E952DB}
		{DA6F56B4-06A4-441D-AD70-AC5A7D51FADB} = {968769AE-15C0-4515-8DF2-8AD839A91A7F}
		{26B736E5-4188-428A-B802-0F6089EC3F86} = {4B90B8DD-9956-4545-BD02-651E72E952DB}
		{B8B3B620-FC06-47D0-9D92-BD5CBA448D84} = {26B736E5-4188-428A-B802-0F6089EC3F86}
	EndGlobalSection
	GlobalSection(ExtensibilityGlobals) = postSolution
		SolutionGuid = {7A63A651-A83B-3F94-B0B1-6505EABB85A4}
	EndGlobalSection
EndGlobal
