
Microsoft Visual Studio Solution File, Format Version 9.00
# Visual Studio 2005
Project("{8BC9CEB8-8B4A-11D0-8D11-00A0C91BC942}") = "zlib", "zlib.vcproj", "{8308C68D-E12B-4C71-96F4-7137F6BEB654}"
EndProject
Global
	GlobalSection(SolutionConfigurationPlatforms) = preSolution
		DebugDLL|x64 = DebugDLL|x64
		ReleaseDLL|x64 = ReleaseDLL|x64
		Debug|x64 = Debug|x64
		Release|x64 = Release|x64
		DebugDLL|Win32 = DebugDLL|Win32
		ReleaseDLL|Win32 = ReleaseDLL|Win32
		Debug|Win32 = Debug|Win32
		Release|Win32 = Release|Win32
	EndGlobalSection
	GlobalSection(ProjectConfigurationPlatforms) = postSolution
		{8308C68D-E12B-4C71-96F4-7137F6BEB654}.DebugDLL|x64.ActiveCfg = DebugDLL|x64
		{8308C68D-E12B-4C71-96F4-7137F6BEB654}.DebugDLL|x64.Build.0 = DebugDLL|x64
		{8308C68D-E12B-4C71-96F4-7137F6BEB654}.ReleaseDLL|x64.ActiveCfg = ReleaseDLL|x64
		{8308C68D-E12B-4C71-96F4-7137F6BEB654}.ReleaseDLL|x64.Build.0 = ReleaseDLL|x64
		{8308C68D-E12B-4C71-96F4-7137F6BEB654}.Debug|x64.ActiveCfg = Debug|x64
		{8308C68D-E12B-4C71-96F4-7137F6BEB654}.Debug|x64.Build.0 = Debug|x64
		{8308C68D-E12B-4C71-96F4-7137F6BEB654}.Release|x64.ActiveCfg = Release|x64
		{8308C68D-E12B-4C71-96F4-7137F6BEB654}.Release|x64.Build.0 = Release|x64
		{8308C68D-E12B-4C71-96F4-7137F6BEB654}.DebugDLL|Win32.ActiveCfg = DebugDLL|Win32
		{8308C68D-E12B-4C71-96F4-7137F6BEB654}.DebugDLL|Win32.Build.0 = DebugDLL|Win32
		{8308C68D-E12B-4C71-96F4-7137F6BEB654}.ReleaseDLL|Win32.ActiveCfg = ReleaseDLL|Win32
		{8308C68D-E12B-4C71-96F4-7137F6BEB654}.ReleaseDLL|Win32.Build.0 = ReleaseDLL|Win32
		{8308C68D-E12B-4C71-96F4-7137F6BEB654}.Debug|Win32.ActiveCfg = Debug|Win32
		{8308C68D-E12B-4C71-96F4-7137F6BEB654}.Debug|Win32.Build.0 = Debug|Win32
		{8308C68D-E12B-4C71-96F4-7137F6BEB654}.Release|Win32.ActiveCfg = Release|Win32
		{8308C68D-E12B-4C71-96F4-7137F6BEB654}.Release|Win32.Build.0 = Release|Win32
	EndGlobalSection
	GlobalSection(SolutionProperties) = preSolution
		HideSolutionNode = FALSE
	EndGlobalSection
EndGlobal
