<?xml version="1.0" encoding="utf-8"?>
<Project xmlns="http://schemas.microsoft.com/developer/msbuild/2003" ToolsVersion="4.0"><ItemGroup><Filter Include="Source Files"><UniqueIdentifier>{4FC737F1-C7A5-4376-A066-2A32D752A2FF}</UniqueIdentifier><Extensions>cpp;c;cxx;def;odl;idl;hpj;bat;asm;asmx</Extensions></Filter><Filter Include="Header Files"><UniqueIdentifier>{93995380-89BD-4b04-88EB-625FBE52EBFB}</UniqueIdentifier><Extensions>h;hpp;hxx;hm;inl;inc;xsd</Extensions></Filter><Filter Include="Resource Files"><UniqueIdentifier>{67DA6AB6-F800-4c08-8B7A-83BB121AAD01}</UniqueIdentifier><Extensions>rc;ico;cur;bmp;dlg;rc2;rct;bin;rgs;gif;jpg;jpeg;jpe;resx</Extensions></Filter><Filter Include="MSVC-only"><UniqueIdentifier>{b07e4beb-4154-4c85-b778-a6dbc5084220}</UniqueIdentifier></Filter></ItemGroup><ItemGroup><ClCompile Include="..\..\src\asfvideo.cpp"><Filter>Source Files</Filter></ClCompile><ClCompile Include="..\..\src\basicio.cpp"><Filter>Source Files</Filter></ClCompile><ClCompile Include="..\..\src\bmpimage.cpp"><Filter>Source Files</Filter></ClCompile><ClCompile Include="..\..\src\canonmn.cpp"><Filter>Source Files</Filter></ClCompile><ClCompile Include="..\..\src\convert.cpp"><Filter>Source Files</Filter></ClCompile><ClCompile Include="..\..\src\cr2image.cpp"><Filter>Source Files</Filter></ClCompile><ClCompile Include="..\..\src\crwimage.cpp"><Filter>Source Files</Filter></ClCompile><ClCompile Include="..\..\src\datasets.cpp"><Filter>Source Files</Filter></ClCompile><ClCompile Include="..\..\src\easyaccess.cpp"><Filter>Source Files</Filter></ClCompile><ClCompile Include="..\..\src\epsimage.cpp"><Filter>Source Files</Filter></ClCompile><ClCompile Include="..\..\src\error.cpp"><Filter>Source Files</Filter></ClCompile><ClCompile Include="..\..\src\exif.cpp"><Filter>Source Files</Filter></ClCompile><ClCompile Include="..\..\src\fujimn.cpp"><Filter>Source Files</Filter></ClCompile><ClCompile Include="..\..\src\futils.cpp"><Filter>Source Files</Filter></ClCompile><ClCompile Include="..\..\src\gifimage.cpp"><Filter>Source Files</Filter></ClCompile><ClCompile Include="..\..\src\image.cpp"><Filter>Source Files</Filter></ClCompile><ClCompile Include="..\..\src\iptc.cpp"><Filter>Source Files</Filter></ClCompile><ClCompile Include="..\..\src\jp2image.cpp"><Filter>Source Files</Filter></ClCompile><ClCompile Include="..\..\src\jpgimage.cpp"><Filter>Source Files</Filter></ClCompile><ClCompile Include="..\..\src\localtime.c"><Filter>Source Files</Filter></ClCompile><ClCompile Include="..\..\src\makernote.cpp"><Filter>Source Files</Filter></ClCompile><ClCompile Include="..\..\src\matroskavideo.cpp"><Filter>Source Files</Filter></ClCompile><ClCompile Include="..\..\src\metadatum.cpp"><Filter>Source Files</Filter></ClCompile><ClCompile Include="..\..\src\minoltamn.cpp"><Filter>Source Files</Filter></ClCompile><ClCompile Include="..\..\src\mrwimage.cpp"><Filter>Source Files</Filter></ClCompile><ClCompile Include="..\..\src\nikonmn.cpp"><Filter>Source Files</Filter></ClCompile><ClCompile Include="..\..\src\olympusmn.cpp"><Filter>Source Files</Filter></ClCompile><ClCompile Include="..\..\src\orfimage.cpp"><Filter>Source Files</Filter></ClCompile><ClCompile Include="..\..\src\panasonicmn.cpp"><Filter>Source Files</Filter></ClCompile><ClCompile Include="..\..\src\pentaxmn.cpp"><Filter>Source Files</Filter></ClCompile><ClCompile Include="..\..\src\pgfimage.cpp"><Filter>Source Files</Filter></ClCompile><ClCompile Include="..\..\src\pngchunk.cpp"><Filter>Source Files</Filter></ClCompile><ClCompile Include="..\..\src\pngimage.cpp"><Filter>Source Files</Filter></ClCompile><ClCompile Include="..\..\src\preview.cpp"><Filter>Source Files</Filter></ClCompile><ClCompile Include="..\..\src\properties.cpp"><Filter>Source Files</Filter></ClCompile><ClCompile Include="..\..\src\psdimage.cpp"><Filter>Source Files</Filter></ClCompile><ClCompile Include="..\..\src\quicktimevideo.cpp"><Filter>Source Files</Filter></ClCompile><ClCompile Include="..\..\src\rafimage.cpp"><Filter>Source Files</Filter></ClCompile><ClCompile Include="..\..\src\riffvideo.cpp"><Filter>Source Files</Filter></ClCompile><ClCompile Include="..\..\src\rw2image.cpp"><Filter>Source Files</Filter></ClCompile><ClCompile Include="..\..\src\samsungmn.cpp"><Filter>Source Files</Filter></ClCompile><ClCompile Include="..\..\src\sigmamn.cpp"><Filter>Source Files</Filter></ClCompile><ClCompile Include="..\..\src\sonymn.cpp"><Filter>Source Files</Filter></ClCompile><ClCompile Include="..\..\src\tags.cpp"><Filter>Source Files</Filter></ClCompile><ClCompile Include="..\..\src\tgaimage.cpp"><Filter>Source Files</Filter></ClCompile><ClCompile Include="..\..\src\tiffcomposite.cpp"><Filter>Source Files</Filter></ClCompile><ClCompile Include="..\..\src\tiffimage.cpp"><Filter>Source Files</Filter></ClCompile><ClCompile Include="..\..\src\tiffvisitor.cpp"><Filter>Source Files</Filter></ClCompile><ClCompile Include="..\..\src\types.cpp"><Filter>Source Files</Filter></ClCompile><ClCompile Include="..\..\src\value.cpp"><Filter>Source Files</Filter></ClCompile><ClCompile Include="..\..\src\version.cpp"><Filter>Source Files</Filter></ClCompile><ClCompile Include="..\..\src\xmp.cpp"><Filter>Source Files</Filter></ClCompile><ClCompile Include="..\..\src\xmpsidecar.cpp"><Filter>Source Files</Filter></ClCompile></ItemGroup><ItemGroup><ClInclude Include="..\..\src\asfvideo.hpp"><Filter>Header Files</Filter></ClInclude><ClInclude Include="..\..\src\basicio.hpp"><Filter>Header Files</Filter></ClInclude><ClInclude Include="..\..\src\bmpimage.hpp"><Filter>Header Files</Filter></ClInclude><ClInclude Include="..\..\config.h"><Filter>Header Files</Filter></ClInclude><ClInclude Include="..\..\src\convert.hpp"><Filter>Header Files</Filter></ClInclude><ClInclude Include="..\..\src\cr2image.hpp"><Filter>Header Files</Filter></ClInclude><ClInclude Include="..\..\src\crwimage.hpp"><Filter>Header Files</Filter></ClInclude><ClInclude Include="..\..\src\datasets.hpp"><Filter>Header Files</Filter></ClInclude><ClInclude Include="..\..\src\easyaccess.hpp"><Filter>Header Files</Filter></ClInclude><ClInclude Include="..\..\src\epsimage.hpp"><Filter>Header Files</Filter></ClInclude><ClInclude Include="..\..\src\error.hpp"><Filter>Header Files</Filter></ClInclude><ClInclude Include="..\..\src\exif.hpp"><Filter>Header Files</Filter></ClInclude><ClInclude Include="..\..\src\futils.hpp"><Filter>Header Files</Filter></ClInclude><ClInclude Include="..\..\src\gifimage.hpp"><Filter>Header Files</Filter></ClInclude><ClInclude Include="..\..\src\image.hpp"><Filter>Header Files</Filter></ClInclude><ClInclude Include="..\..\src\iptc.hpp"><Filter>Header Files</Filter></ClInclude><ClInclude Include="..\..\src\jp2image.hpp"><Filter>Header Files</Filter></ClInclude><ClInclude Include="..\..\src\jpgimage.hpp"><Filter>Header Files</Filter></ClInclude><ClInclude Include="..\..\src\makernote.hpp"><Filter>Header Files</Filter></ClInclude><ClInclude Include="..\..\src\matroskavideo.hpp"><Filter>Header Files</Filter></ClInclude><ClInclude Include="..\..\src\metadatum.hpp"><Filter>Header Files</Filter></ClInclude><ClInclude Include="..\..\src\mrwimage.hpp"><Filter>Header Files</Filter></ClInclude><ClInclude Include="..\..\src\orfimage.hpp"><Filter>Header Files</Filter></ClInclude><ClInclude Include="..\..\src\pgfimage.hpp"><Filter>Header Files</Filter></ClInclude><ClInclude Include="..\..\src\pngimage.hpp"><Filter>Header Files</Filter></ClInclude><ClInclude Include="..\..\src\preview.hpp"><Filter>Header Files</Filter></ClInclude><ClInclude Include="..\..\src\properties.hpp"><Filter>Header Files</Filter></ClInclude><ClInclude Include="..\..\src\psdimage.hpp"><Filter>Header Files</Filter></ClInclude><ClInclude Include="..\..\src\quicktimevideo.hpp"><Filter>Header Files</Filter></ClInclude><ClInclude Include="..\..\src\rafimage.hpp"><Filter>Header Files</Filter></ClInclude><ClInclude Include="..\..\src\rcsid.hpp"><Filter>Header Files</Filter></ClInclude><ClInclude Include="..\..\src\riffvideo.hpp"><Filter>Header Files</Filter></ClInclude><ClInclude Include="..\..\src\rw2image.hpp"><Filter>Header Files</Filter></ClInclude><ClInclude Include="..\..\src\tags.hpp"><Filter>Header Files</Filter></ClInclude><ClInclude Include="..\..\src\tgaimage.hpp"><Filter>Header Files</Filter></ClInclude><ClInclude Include="..\..\src\tiffcomposite.hpp"><Filter>Header Files</Filter></ClInclude><ClInclude Include="..\..\src\tiffimage.hpp"><Filter>Header Files</Filter></ClInclude><ClInclude Include="..\..\src\tiffvisitor.hpp"><Filter>Header Files</Filter></ClInclude><ClInclude Include="..\..\src\types.hpp"><Filter>Header Files</Filter></ClInclude><ClInclude Include="..\..\src\value.hpp"><Filter>Header Files</Filter></ClInclude><ClInclude Include="..\..\src\version.hpp"><Filter>Header Files</Filter></ClInclude><ClInclude Include="..\..\src\xmp.hpp"><Filter>Header Files</Filter></ClInclude><ClInclude Include="..\..\src\xmpsidecar.hpp"><Filter>Header Files</Filter></ClInclude><ClInclude Include="..\include\exv_msvc.h"><Filter>MSVC-only</Filter></ClInclude></ItemGroup></Project>
