<?xml version="1.0" encoding="utf-8"?>
<Project ToolsVersion="16.0" xmlns="http://schemas.microsoft.com/developer/msbuild/2003">
  <ItemGroup>
    <ClCompile Include="E:\Projects\exiv2\xmpsdk\src\ExpatAdapter.cpp">
      <Filter>Source Files</Filter>
    </ClCompile>
    <ClCompile Include="E:\Projects\exiv2\xmpsdk\src\MD5.cpp">
      <Filter>Source Files</Filter>
    </ClCompile>
    <ClCompile Include="E:\Projects\exiv2\xmpsdk\src\ParseRDF.cpp">
      <Filter>Source Files</Filter>
    </ClCompile>
    <ClCompile Include="E:\Projects\exiv2\xmpsdk\src\UnicodeConversions.cpp">
      <Filter>Source Files</Filter>
    </ClCompile>
    <ClCompile Include="E:\Projects\exiv2\xmpsdk\src\WXMPIterator.cpp">
      <Filter>Source Files</Filter>
    </ClCompile>
    <ClCompile Include="E:\Projects\exiv2\xmpsdk\src\WXMPMeta.cpp">
      <Filter>Source Files</Filter>
    </ClCompile>
    <ClCompile Include="E:\Projects\exiv2\xmpsdk\src\WXMPUtils.cpp">
      <Filter>Source Files</Filter>
    </ClCompile>
    <ClCompile Include="E:\Projects\exiv2\xmpsdk\src\XML_Node.cpp">
      <Filter>Source Files</Filter>
    </ClCompile>
    <ClCompile Include="E:\Projects\exiv2\xmpsdk\src\XMPCore_Impl.cpp">
      <Filter>Source Files</Filter>
    </ClCompile>
    <ClCompile Include="E:\Projects\exiv2\xmpsdk\src\XMPIterator.cpp">
      <Filter>Source Files</Filter>
    </ClCompile>
    <ClCompile Include="E:\Projects\exiv2\xmpsdk\src\XMPMeta-GetSet.cpp">
      <Filter>Source Files</Filter>
    </ClCompile>
    <ClCompile Include="E:\Projects\exiv2\xmpsdk\src\XMPMeta-Parse.cpp">
      <Filter>Source Files</Filter>
    </ClCompile>
    <ClCompile Include="E:\Projects\exiv2\xmpsdk\src\XMPMeta-Serialize.cpp">
      <Filter>Source Files</Filter>
    </ClCompile>
    <ClCompile Include="E:\Projects\exiv2\xmpsdk\src\XMPMeta.cpp">
      <Filter>Source Files</Filter>
    </ClCompile>
    <ClCompile Include="E:\Projects\exiv2\xmpsdk\src\XMPUtils-FileInfo.cpp">
      <Filter>Source Files</Filter>
    </ClCompile>
    <ClCompile Include="E:\Projects\exiv2\xmpsdk\src\XMPUtils.cpp">
      <Filter>Source Files</Filter>
    </ClCompile>
  </ItemGroup>
  <ItemGroup>
    <ClInclude Include="E:\Projects\exiv2\xmpsdk\include\MD5.h">
      <Filter>Header Files</Filter>
    </ClInclude>
    <ClInclude Include="E:\Projects\exiv2\xmpsdk\include\TXMPIterator.hpp">
      <Filter>Header Files</Filter>
    </ClInclude>
    <ClInclude Include="E:\Projects\exiv2\xmpsdk\include\TXMPMeta.hpp">
      <Filter>Header Files</Filter>
    </ClInclude>
    <ClInclude Include="E:\Projects\exiv2\xmpsdk\include\TXMPUtils.hpp">
      <Filter>Header Files</Filter>
    </ClInclude>
    <ClInclude Include="E:\Projects\exiv2\xmpsdk\include\XMP_Const.h">
      <Filter>Header Files</Filter>
    </ClInclude>
    <ClInclude Include="E:\Projects\exiv2\xmpsdk\include\XMP_Environment.h">
      <Filter>Header Files</Filter>
    </ClInclude>
    <ClInclude Include="E:\Projects\exiv2\xmpsdk\include\XMPSDK.hpp">
      <Filter>Header Files</Filter>
    </ClInclude>
    <ClInclude Include="E:\Projects\exiv2\xmpsdk\include\XMP_Version.h">
      <Filter>Header Files</Filter>
    </ClInclude>
  </ItemGroup>
  <ItemGroup>
    <None Include="E:\Projects\exiv2\xmpsdk\include\XMP.incl_cpp" />
  </ItemGroup>
  <ItemGroup>
    <Filter Include="Header Files">
      <UniqueIdentifier>{7F5C7279-8127-394C-B466-0454F09B4D3D}</UniqueIdentifier>
    </Filter>
    <Filter Include="Source Files">
      <UniqueIdentifier>{F559B6A9-418B-37C2-9C9F-5140E0D4B500}</UniqueIdentifier>
    </Filter>
  </ItemGroup>
</Project>