<?xml version="1.0" encoding="utf-8"?>
<Project xmlns="http://schemas.microsoft.com/developer/msbuild/2003" ToolsVersion="4.0"><ItemGroup><Filter Include="Source Files"><UniqueIdentifier>{4FC737F1-C7A5-4376-A066-2A32D752A2FF}</UniqueIdentifier><Extensions>cpp;c;cxx;def;odl;idl;hpj;bat;asm;asmx</Extensions></Filter><Filter Include="Header Files"><UniqueIdentifier>{93995380-89BD-4b04-88EB-625FBE52EBFB}</UniqueIdentifier><Extensions>h;hpp;hxx;hm;inl;inc;xsd</Extensions></Filter><Filter Include="Resource Files"><UniqueIdentifier>{67DA6AB6-F800-4c08-8B7A-83BB121AAD01}</UniqueIdentifier><Extensions>rc;ico;cur;bmp;dlg;rc2;rct;bin;rgs;gif;jpg;jpeg;jpe;resx</Extensions></Filter></ItemGroup><ItemGroup><ClCompile Include="..\..\xmpsdk\src\ExpatAdapter.cpp"><Filter>Source Files</Filter></ClCompile><ClCompile Include="..\..\xmpsdk\src\MD5.cpp"><Filter>Source Files</Filter></ClCompile><ClCompile Include="..\..\xmpsdk\src\ParseRDF.cpp"><Filter>Source Files</Filter></ClCompile><ClCompile Include="..\..\xmpsdk\src\UnicodeConversions.cpp"><Filter>Source Files</Filter></ClCompile><ClCompile Include="..\..\xmpsdk\src\WXMPIterator.cpp"><Filter>Source Files</Filter></ClCompile><ClCompile Include="..\..\xmpsdk\src\WXMPMeta.cpp"><Filter>Source Files</Filter></ClCompile><ClCompile Include="..\..\xmpsdk\src\WXMPUtils.cpp"><Filter>Source Files</Filter></ClCompile><ClCompile Include="..\..\xmpsdk\src\XML_Node.cpp"><Filter>Source Files</Filter></ClCompile><ClCompile Include="..\..\xmpsdk\src\XMPCore_Impl.cpp"><Filter>Source Files</Filter></ClCompile><ClCompile Include="..\..\xmpsdk\src\XMPIterator.cpp"><Filter>Source Files</Filter></ClCompile><ClCompile Include="..\..\xmpsdk\src\XMPMeta-GetSet.cpp"><Filter>Source Files</Filter></ClCompile><ClCompile Include="..\..\xmpsdk\src\XMPMeta-Parse.cpp"><Filter>Source Files</Filter></ClCompile><ClCompile Include="..\..\xmpsdk\src\XMPMeta-Serialize.cpp"><Filter>Source Files</Filter></ClCompile><ClCompile Include="..\..\xmpsdk\src\XMPMeta.cpp"><Filter>Source Files</Filter></ClCompile><ClCompile Include="..\..\xmpsdk\src\XMPUtils-FileInfo.cpp"><Filter>Source Files</Filter></ClCompile><ClCompile Include="..\..\xmpsdk\src\XMPUtils.cpp"><Filter>Source Files</Filter></ClCompile></ItemGroup><ItemGroup><ClInclude Include="..\..\xmpsdk\src\ExpatAdapter.hpp"><Filter>Header Files</Filter></ClInclude><ClInclude Include="..\..\xmpsdk\src\MD5.h"><Filter>Header Files</Filter></ClInclude><ClInclude Include="..\..\xmpsdk\include\TXMPFiles.hpp"><Filter>Header Files</Filter></ClInclude><ClInclude Include="..\..\xmpsdk\include\TXMPIterator.hpp"><Filter>Header Files</Filter></ClInclude><ClInclude Include="..\..\xmpsdk\include\TXMPMeta.hpp"><Filter>Header Files</Filter></ClInclude><ClInclude Include="..\..\xmpsdk\include\TXMPUtils.hpp"><Filter>Header Files</Filter></ClInclude><ClInclude Include="..\..\xmpsdk\src\UnicodeConversions.hpp"><Filter>Header Files</Filter></ClInclude><ClInclude Include="..\..\xmpsdk\include\client-glue\WXMP_Common.hpp"><Filter>Header Files</Filter></ClInclude><ClInclude Include="..\..\xmpsdk\include\client-glue\WXMPFiles.hpp"><Filter>Header Files</Filter></ClInclude><ClInclude Include="..\..\xmpsdk\include\client-glue\WXMPIterator.hpp"><Filter>Header Files</Filter></ClInclude><ClInclude Include="..\..\xmpsdk\include\client-glue\WXMPMeta.hpp"><Filter>Header Files</Filter></ClInclude><ClInclude Include="..\..\xmpsdk\include\client-glue\WXMPUtils.hpp"><Filter>Header Files</Filter></ClInclude><ClInclude Include="..\..\xmpsdk\src\XMLParserAdapter.hpp"><Filter>Header Files</Filter></ClInclude><ClInclude Include="..\..\xmpsdk\include\XMP.hpp"><Filter>Header Files</Filter></ClInclude><ClInclude Include="..\..\xmpsdk\src\XMP_BuildInfo.h"><Filter>Header Files</Filter></ClInclude><ClInclude Include="..\..\xmpsdk\include\XMP_Const.h"><Filter>Header Files</Filter></ClInclude><ClInclude Include="..\..\xmpsdk\include\XMP_Environment.h"><Filter>Header Files</Filter></ClInclude><ClInclude Include="..\..\xmpsdk\include\XMP_Version.h"><Filter>Header Files</Filter></ClInclude><ClInclude Include="..\..\xmpsdk\src\XMPCore_Impl.hpp"><Filter>Header Files</Filter></ClInclude><ClInclude Include="..\..\xmpsdk\src\XMPIterator.hpp"><Filter>Header Files</Filter></ClInclude><ClInclude Include="..\..\xmpsdk\src\XMPMeta.hpp"><Filter>Header Files</Filter></ClInclude><ClInclude Include="..\..\xmpsdk\src\XMPUtils.hpp"><Filter>Header Files</Filter></ClInclude></ItemGroup><ItemGroup><None Include="..\..\xmpsdk\include\client-glue\TXMPFiles.incl_cpp"><Filter>Header Files</Filter></None><None Include="..\..\xmpsdk\include\client-glue\TXMPIterator.incl_cpp"><Filter>Header Files</Filter></None><None Include="..\..\xmpsdk\include\client-glue\TXMPMeta.incl_cpp"><Filter>Header Files</Filter></None><None Include="..\..\xmpsdk\include\client-glue\TXMPUtils.incl_cpp"><Filter>Header Files</Filter></None></ItemGroup><ItemGroup><Text Include="ReadMe.txt"/></ItemGroup></Project>
